// !$*UTF8*$!
{
	archiveVersion = 1;
	classes = {
	};
	objectVersion = 45;
	objects = {

/* Begin PBXBuildFile section */
		1D3623260D0F684500981E51 /* YourRightsAppDelegate.m in Sources */ = {isa = PBXBuildFile; fileRef = 1D3623250D0F684500981E51 /* YourRightsAppDelegate.m */; };
		1D60589B0D05DD56006BFB54 /* main.m in Sources */ = {isa = PBXBuildFile; fileRef = 29B97316FDCFA39411CA2CEA /* main.m */; };
		1D60589F0D05DD5A006BFB54 /* Foundation.framework in Frameworks */ = {isa = PBXBuildFile; fileRef = 1D30AB110D05D00D00671497 /* Foundation.framework */; };
		1DF5F4E00D08C38300B7A737 /* UIKit.framework in Frameworks */ = {isa = PBXBuildFile; fileRef = 1DF5F4DF0D08C38300B7A737 /* UIKit.framework */; };
		288765FD0DF74451002DB57D /* CoreGraphics.framework in Frameworks */ = {isa = PBXBuildFile; fileRef = 288765FC0DF74451002DB57D /* CoreGraphics.framework */; };
		28AD733F0D9D9553002E5188 /* MainWindow.xib in Resources */ = {isa = PBXBuildFile; fileRef = 28AD733E0D9D9553002E5188 /* MainWindow.xib */; };
		740101A50F26EB0B00258353 /* AlertUtilities.m in Sources */ = {isa = PBXBuildFile; fileRef = 740101A40F26EB0B00258353 /* AlertUtilities.m */; };
		740101C10F26EB8300258353 /* CFNetwork.framework in Frameworks */ = {isa = PBXBuildFile; fileRef = 740101C00F26EB8300258353 /* CFNetwork.framework */; };
		7401029E0F276D2700258353 /* Application.m in Sources */ = {isa = PBXBuildFile; fileRef = 7401029D0F276D2700258353 /* Application.m */; };
		740E8D1A0F3FE56D00798E0C /* ConstitutionArticleViewController.m in Sources */ = {isa = PBXBuildFile; fileRef = 740E8D190F3FE56D00798E0C /* ConstitutionArticleViewController.m */; };
		740E8D6B0F3FE93A00798E0C /* Amendment.m in Sources */ = {isa = PBXBuildFile; fileRef = 740E8D6A0F3FE93A00798E0C /* Amendment.m */; };
		740E8DB50F3FEEA100798E0C /* AutoResizingCell.m in Sources */ = {isa = PBXBuildFile; fileRef = 740E8DB40F3FEEA100798E0C /* AutoResizingCell.m */; };
		740E8E220F3FF51E00798E0C /* ConstitutionAmendmentViewController.m in Sources */ = {isa = PBXBuildFile; fileRef = 740E8E210F3FF51E00798E0C /* ConstitutionAmendmentViewController.m */; };
		740E8EE00F40A53700798E0C /* ConstitutionSignersViewController.m in Sources */ = {isa = PBXBuildFile; fileRef = 740E8EDF0F40A53700798E0C /* ConstitutionSignersViewController.m */; };
		742DB5D60F11FB0C0079E6B0 /* SectionViewController.m in Sources */ = {isa = PBXBuildFile; fileRef = 742DB5D50F11FB0C0079E6B0 /* SectionViewController.m */; };
		742DB5D90F11FB330079E6B0 /* YourRightsNavigationController.m in Sources */ = {isa = PBXBuildFile; fileRef = 742DB5D80F11FB330079E6B0 /* YourRightsNavigationController.m */; };
		742DB7810F1209540079E6B0 /* QuestionsViewController.m in Sources */ = {isa = PBXBuildFile; fileRef = 742DB7800F1209540079E6B0 /* QuestionsViewController.m */; };
		742DB7840F12095C0079E6B0 /* Model.m in Sources */ = {isa = PBXBuildFile; fileRef = 742DB7830F12095C0079E6B0 /* Model.m */; };
		742DB8180F120DD10079E6B0 /* ViewControllerUtilities.m in Sources */ = {isa = PBXBuildFile; fileRef = 742DB8170F120DD10079E6B0 /* ViewControllerUtilities.m */; };
		742DB84D0F129F070079E6B0 /* Icon.png in Resources */ = {isa = PBXBuildFile; fileRef = 742DB84C0F129F070079E6B0 /* Icon.png */; };
		742DB8800F12A6650079E6B0 /* WrappableCell.m in Sources */ = {isa = PBXBuildFile; fileRef = 742DB87F0F12A6650079E6B0 /* WrappableCell.m */; };
		742DB8B30F12A7190079E6B0 /* AnswerViewController.m in Sources */ = {isa = PBXBuildFile; fileRef = 742DB8B20F12A7190079E6B0 /* AnswerViewController.m */; };
		742DBAB30F12C6D80079E6B0 /* RootViewController.m in Sources */ = {isa = PBXBuildFile; fileRef = 742DBAB20F12C6D80079E6B0 /* RootViewController.m */; };
		742DBB210F12CD240079E6B0 /* ToughQuestionsViewController.m in Sources */ = {isa = PBXBuildFile; fileRef = 742DBB200F12CD240079E6B0 /* ToughQuestionsViewController.m */; };
		742DBB630F12D29D0079E6B0 /* ToughAnswerViewController.m in Sources */ = {isa = PBXBuildFile; fileRef = 742DBB620F12D29D0079E6B0 /* ToughAnswerViewController.m */; };
		742DBB870F12D4AC0079E6B0 /* Decision.m in Sources */ = {isa = PBXBuildFile; fileRef = 742DBB860F12D4AC0079E6B0 /* Decision.m */; };
		742DBC280F12FD1C0079E6B0 /* GreatestHitsViewController.m in Sources */ = {isa = PBXBuildFile; fileRef = 742DBC270F12FD1C0079E6B0 /* GreatestHitsViewController.m */; };
		742DBC2C0F12FD4E0079E6B0 /* MultiDictionary.m in Sources */ = {isa = PBXBuildFile; fileRef = 742DBC2B0F12FD4E0079E6B0 /* MultiDictionary.m */; };
		742DBCEB0F1309BE0079E6B0 /* DecisionCell.m in Sources */ = {isa = PBXBuildFile; fileRef = 742DBCEA0F1309BE0079E6B0 /* DecisionCell.m */; };
		742DBE360F1321030079E6B0 /* WebViewController.m in Sources */ = {isa = PBXBuildFile; fileRef = 742DBE350F1321030079E6B0 /* WebViewController.m */; };
		742DBF1A0F132AD50079E6B0 /* ACLUInfoViewController.m in Sources */ = {isa = PBXBuildFile; fileRef = 742DBF190F132AD50079E6B0 /* ACLUInfoViewController.m */; };
		742DC05F0F1336510079E6B0 /* CreditsViewController.m in Sources */ = {isa = PBXBuildFile; fileRef = 742DC05E0F1336510079E6B0 /* CreditsViewController.m */; };
		742DC0690F1337ED0079E6B0 /* LocaleUtilities.m in Sources */ = {isa = PBXBuildFile; fileRef = 742DC0680F1337ED0079E6B0 /* LocaleUtilities.m */; };
		742DC06C0F1337FF0079E6B0 /* Utilities.m in Sources */ = {isa = PBXBuildFile; fileRef = 742DC06B0F1337FF0079E6B0 /* Utilities.m */; };
		743D96F80F3FAB5400BA0784 /* Constitution.m in Sources */ = {isa = PBXBuildFile; fileRef = 743D96F70F3FAB5400BA0784 /* Constitution.m */; };
		743D96FC0F3FAC1B00BA0784 /* Article.m in Sources */ = {isa = PBXBuildFile; fileRef = 743D96FB0F3FAC1B00BA0784 /* Article.m */; };
		743D96FF0F3FADB800BA0784 /* Section.m in Sources */ = {isa = PBXBuildFile; fileRef = 743D96FE0F3FADB800BA0784 /* Section.m */; };
		7442261C0F44870600787F33 /* AbstractCache.m in Sources */ = {isa = PBXBuildFile; fileRef = 7442261B0F44870600787F33 /* AbstractCache.m */; };
		745A09230F2ED55A002F64C6 /* Controller.m in Sources */ = {isa = PBXBuildFile; fileRef = 745A09220F2ED55A002F64C6 /* Controller.m */; };
		745A09DE0F2EE190002F64C6 /* RSSCache.m in Sources */ = {isa = PBXBuildFile; fileRef = 745A09DD0F2EE190002F64C6 /* RSSCache.m */; };
		7462953A0F135CF90073F830 /* License.txt in Resources */ = {isa = PBXBuildFile; fileRef = 746295390F135CF90073F830 /* License.txt */; };
		74954CE00F38CC9500E79E24 /* FileUtilities.m in Sources */ = {isa = PBXBuildFile; fileRef = 74954CDF0F38CC9500E79E24 /* FileUtilities.m */; };
		74954CEE0F38CCE000E79E24 /* Invocation.m in Sources */ = {isa = PBXBuildFile; fileRef = 74954CE90F38CCE000E79E24 /* Invocation.m */; };
		74954CEF0F38CCE000E79E24 /* Invocation2.m in Sources */ = {isa = PBXBuildFile; fileRef = 74954CEB0F38CCE000E79E24 /* Invocation2.m */; };
		74954CF00F38CCE000E79E24 /* MainThreadGate.m in Sources */ = {isa = PBXBuildFile; fileRef = 74954CED0F38CCE000E79E24 /* MainThreadGate.m */; };
		74954CF30F38CCF600E79E24 /* ThreadingUtilities.m in Sources */ = {isa = PBXBuildFile; fileRef = 74954CF20F38CCF600E79E24 /* ThreadingUtilities.m */; };
		74954D230F38CE3000E79E24 /* BackgroundInvocation.m in Sources */ = {isa = PBXBuildFile; fileRef = 74954D200F38CE3000E79E24 /* BackgroundInvocation.m */; };
		74954D240F38CE3000E79E24 /* BackgroundInvocation2.m in Sources */ = {isa = PBXBuildFile; fileRef = 74954D220F38CE3000E79E24 /* BackgroundInvocation2.m */; };
		74954D300F38CEB600E79E24 /* GlobalActivityIndicator.m in Sources */ = {isa = PBXBuildFile; fileRef = 74954D2F0F38CEB600E79E24 /* GlobalActivityIndicator.m */; };
		74954D3B0F38CEF100E79E24 /* PriorityMutex.m in Sources */ = {isa = PBXBuildFile; fileRef = 74954D380F38CEF100E79E24 /* PriorityMutex.m */; };
		74954D3C0F38CEF100E79E24 /* Pulser.m in Sources */ = {isa = PBXBuildFile; fileRef = 74954D3A0F38CEF100E79E24 /* Pulser.m */; };
		74954D8B0F38D4B000E79E24 /* NetworkUtilities.m in Sources */ = {isa = PBXBuildFile; fileRef = 74954D8A0F38D4B000E79E24 /* NetworkUtilities.m */; };
		74954D950F38D4DA00E79E24 /* XmlDocument.m in Sources */ = {isa = PBXBuildFile; fileRef = 74954D8E0F38D4DA00E79E24 /* XmlDocument.m */; };
		74954D960F38D4DA00E79E24 /* XmlElement.m in Sources */ = {isa = PBXBuildFile; fileRef = 74954D900F38D4DA00E79E24 /* XmlElement.m */; };
		74954D970F38D4DA00E79E24 /* XmlParser.m in Sources */ = {isa = PBXBuildFile; fileRef = 74954D920F38D4DA00E79E24 /* XmlParser.m */; };
		74954D980F38D4DA00E79E24 /* XmlSerializer.m in Sources */ = {isa = PBXBuildFile; fileRef = 74954D940F38D4DA00E79E24 /* XmlSerializer.m */; };
		74954DAF0F38D4F700E79E24 /* xmlparse.c in Sources */ = {isa = PBXBuildFile; fileRef = 74954DA70F38D4F700E79E24 /* xmlparse.c */; };
		74954DB00F38D4F700E79E24 /* xmlrole.c in Sources */ = {isa = PBXBuildFile; fileRef = 74954DA80F38D4F700E79E24 /* xmlrole.c */; };
		74954DB10F38D4F700E79E24 /* xmltok.c in Sources */ = {isa = PBXBuildFile; fileRef = 74954DAA0F38D4F700E79E24 /* xmltok.c */; };
		74954DB20F38D4F700E79E24 /* xmltok_impl.c in Sources */ = {isa = PBXBuildFile; fileRef = 74954DAC0F38D4F700E79E24 /* xmltok_impl.c */; };
		74954DB30F38D4F700E79E24 /* xmltok_ns.c in Sources */ = {isa = PBXBuildFile; fileRef = 74954DAE0F38D4F700E79E24 /* xmltok_ns.c */; };
		74954DBB0F38D53300E79E24 /* SystemConfiguration.framework in Frameworks */ = {isa = PBXBuildFile; fileRef = 74954DBA0F38D53300E79E24 /* SystemConfiguration.framework */; };
		74954DF60F38D9C000E79E24 /* Item.m in Sources */ = {isa = PBXBuildFile; fileRef = 74954DF50F38D9C000E79E24 /* Item.m */; };
		74954E090F38DBF100E79E24 /* StringUtilities.m in Sources */ = {isa = PBXBuildFile; fileRef = 74954E080F38DBF100E79E24 /* StringUtilities.m */; };
		74954E4D0F38DECA00E79E24 /* ACLUNewsViewController.m in Sources */ = {isa = PBXBuildFile; fileRef = 74954E4C0F38DECA00E79E24 /* ACLUNewsViewController.m */; };
		74954E970F38E14600E79E24 /* ACLUArticlesViewController.m in Sources */ = {isa = PBXBuildFile; fileRef = 74954E960F38E14600E79E24 /* ACLUArticlesViewController.m */; };
		74954F570F38E7BC00E79E24 /* ArticleTitleCell.m in Sources */ = {isa = PBXBuildFile; fileRef = 74954F560F38E7BC00E79E24 /* ArticleTitleCell.m */; };
		74954FDA0F38EA3500E79E24 /* ArticleBodyCell.m in Sources */ = {isa = PBXBuildFile; fileRef = 74954FD90F38EA3500E79E24 /* ArticleBodyCell.m */; };
		74954FE30F38EAA900E79E24 /* FontCache.m in Sources */ = {isa = PBXBuildFile; fileRef = 74954FE20F38EAA900E79E24 /* FontCache.m */; };
		74CF62DD0F58706400417ED5 /* DeclarationOfIndependenceViewController.m in Sources */ = {isa = PBXBuildFile; fileRef = 74CF62DC0F58706400417ED5 /* DeclarationOfIndependenceViewController.m */; };
		74CF63070F5871D400417ED5 /* DateUtilities.m in Sources */ = {isa = PBXBuildFile; fileRef = 74CF63060F5871D400417ED5 /* DateUtilities.m */; };
		74CF63F80F5890CC00417ED5 /* FederalistPapersViewController.m in Sources */ = {isa = PBXBuildFile; fileRef = 74CF63F70F5890CC00417ED5 /* FederalistPapersViewController.m */; };
		74CF64870F5893FA00417ED5 /* FederalistPapersArticleViewController.m in Sources */ = {isa = PBXBuildFile; fileRef = 74CF64860F5893FA00417ED5 /* FederalistPapersArticleViewController.m */; };
		74CF64B60F5896DA00417ED5 /* FederalistPapersSectionViewController.m in Sources */ = {isa = PBXBuildFile; fileRef = 74CF64B50F5896DA00417ED5 /* FederalistPapersSectionViewController.m */; };
		74CF65470F58A08A00417ED5 /* ConstitutionViewController.m in Sources */ = {isa = PBXBuildFile; fileRef = 74CF65460F58A08A00417ED5 /* ConstitutionViewController.m */; };
		74CF655A0F58A0EA00417ED5 /* Localizable.strings in Resources */ = {isa = PBXBuildFile; fileRef = 74CF65580F58A0EA00417ED5 /* Localizable.strings */; };
		74CF656C0F58A17F00417ED5 /* FederalistPapers.m in Sources */ = {isa = PBXBuildFile; fileRef = 74CF656B0F58A17F00417ED5 /* FederalistPapers.m */; };
		74D3892B0F58608A00B7A51C /* Person.m in Sources */ = {isa = PBXBuildFile; fileRef = 74D3892A0F58608A00B7A51C /* Person.m */; };
		74D389800F58681200B7A51C /* DeclarationOfIndependence.m in Sources */ = {isa = PBXBuildFile; fileRef = 74D3897F0F58681200B7A51C /* DeclarationOfIndependence.m */; };
/* End PBXBuildFile section */

/* Begin PBXFileReference section */
		1D30AB110D05D00D00671497 /* Foundation.framework */ = {isa = PBXFileReference; lastKnownFileType = wrapper.framework; name = Foundation.framework; path = System/Library/Frameworks/Foundation.framework; sourceTree = SDKROOT; };
		1D3623240D0F684500981E51 /* YourRightsAppDelegate.h */ = {isa = PBXFileReference; fileEncoding = 4; lastKnownFileType = sourcecode.c.h; path = YourRightsAppDelegate.h; sourceTree = "<group>"; };
		1D3623250D0F684500981E51 /* YourRightsAppDelegate.m */ = {isa = PBXFileReference; fileEncoding = 4; lastKnownFileType = sourcecode.c.objc; path = YourRightsAppDelegate.m; sourceTree = "<group>"; };
		1D6058910D05DD3D006BFB54 /* YourRights.app */ = {isa = PBXFileReference; explicitFileType = wrapper.application; includeInIndex = 0; path = YourRights.app; sourceTree = BUILT_PRODUCTS_DIR; };
		1DF5F4DF0D08C38300B7A737 /* UIKit.framework */ = {isa = PBXFileReference; lastKnownFileType = wrapper.framework; name = UIKit.framework; path = System/Library/Frameworks/UIKit.framework; sourceTree = SDKROOT; };
		288765FC0DF74451002DB57D /* CoreGraphics.framework */ = {isa = PBXFileReference; lastKnownFileType = wrapper.framework; name = CoreGraphics.framework; path = System/Library/Frameworks/CoreGraphics.framework; sourceTree = SDKROOT; };
		28AD733E0D9D9553002E5188 /* MainWindow.xib */ = {isa = PBXFileReference; lastKnownFileType = file.xib; path = MainWindow.xib; sourceTree = "<group>"; };
		29B97316FDCFA39411CA2CEA /* main.m */ = {isa = PBXFileReference; fileEncoding = 4; lastKnownFileType = sourcecode.c.objc; path = main.m; sourceTree = "<group>"; };
		32CA4F630368D1EE00C91783 /* YourRights_Prefix.pch */ = {isa = PBXFileReference; fileEncoding = 4; lastKnownFileType = sourcecode.c.h; path = YourRights_Prefix.pch; sourceTree = "<group>"; };
		740101A30F26EB0B00258353 /* AlertUtilities.h */ = {isa = PBXFileReference; fileEncoding = 4; lastKnownFileType = sourcecode.c.h; name = AlertUtilities.h; path = ../../iPhoneShared/Classes/AlertUtilities.h; sourceTree = SOURCE_ROOT; };
		740101A40F26EB0B00258353 /* AlertUtilities.m */ = {isa = PBXFileReference; fileEncoding = 4; lastKnownFileType = sourcecode.c.objc; name = AlertUtilities.m; path = ../../iPhoneShared/Classes/AlertUtilities.m; sourceTree = SOURCE_ROOT; };
		740101C00F26EB8300258353 /* CFNetwork.framework */ = {isa = PBXFileReference; lastKnownFileType = wrapper.framework; name = CFNetwork.framework; path = System/Library/Frameworks/CFNetwork.framework; sourceTree = SDKROOT; };
		7401029C0F276D2700258353 /* Application.h */ = {isa = PBXFileReference; fileEncoding = 4; lastKnownFileType = sourcecode.c.h; path = Application.h; sourceTree = "<group>"; };
		7401029D0F276D2700258353 /* Application.m */ = {isa = PBXFileReference; fileEncoding = 4; lastKnownFileType = sourcecode.c.objc; path = Application.m; sourceTree = "<group>"; };
		740E8D180F3FE56D00798E0C /* ConstitutionArticleViewController.h */ = {isa = PBXFileReference; fileEncoding = 4; lastKnownFileType = sourcecode.c.h; path = ConstitutionArticleViewController.h; sourceTree = "<group>"; };
		740E8D190F3FE56D00798E0C /* ConstitutionArticleViewController.m */ = {isa = PBXFileReference; fileEncoding = 4; lastKnownFileType = sourcecode.c.objc; path = ConstitutionArticleViewController.m; sourceTree = "<group>"; };
		740E8D690F3FE93A00798E0C /* Amendment.h */ = {isa = PBXFileReference; fileEncoding = 4; lastKnownFileType = sourcecode.c.h; path = Amendment.h; sourceTree = "<group>"; };
		740E8D6A0F3FE93A00798E0C /* Amendment.m */ = {isa = PBXFileReference; fileEncoding = 4; lastKnownFileType = sourcecode.c.objc; path = Amendment.m; sourceTree = "<group>"; };
		740E8DB30F3FEEA100798E0C /* AutoResizingCell.h */ = {isa = PBXFileReference; fileEncoding = 4; lastKnownFileType = sourcecode.c.h; path = AutoResizingCell.h; sourceTree = "<group>"; };
		740E8DB40F3FEEA100798E0C /* AutoResizingCell.m */ = {isa = PBXFileReference; fileEncoding = 4; lastKnownFileType = sourcecode.c.objc; path = AutoResizingCell.m; sourceTree = "<group>"; };
		740E8E200F3FF51E00798E0C /* ConstitutionAmendmentViewController.h */ = {isa = PBXFileReference; fileEncoding = 4; lastKnownFileType = sourcecode.c.h; path = ConstitutionAmendmentViewController.h; sourceTree = "<group>"; };
		740E8E210F3FF51E00798E0C /* ConstitutionAmendmentViewController.m */ = {isa = PBXFileReference; fileEncoding = 4; lastKnownFileType = sourcecode.c.objc; path = ConstitutionAmendmentViewController.m; sourceTree = "<group>"; };
		740E8EDE0F40A53700798E0C /* ConstitutionSignersViewController.h */ = {isa = PBXFileReference; fileEncoding = 4; lastKnownFileType = sourcecode.c.h; path = ConstitutionSignersViewController.h; sourceTree = "<group>"; };
		740E8EDF0F40A53700798E0C /* ConstitutionSignersViewController.m */ = {isa = PBXFileReference; fileEncoding = 4; lastKnownFileType = sourcecode.c.objc; path = ConstitutionSignersViewController.m; sourceTree = "<group>"; };
		742DB5D40F11FB0C0079E6B0 /* SectionViewController.h */ = {isa = PBXFileReference; fileEncoding = 4; lastKnownFileType = sourcecode.c.h; path = SectionViewController.h; sourceTree = "<group>"; };
		742DB5D50F11FB0C0079E6B0 /* SectionViewController.m */ = {isa = PBXFileReference; fileEncoding = 4; lastKnownFileType = sourcecode.c.objc; path = SectionViewController.m; sourceTree = "<group>"; };
		742DB5D70F11FB330079E6B0 /* YourRightsNavigationController.h */ = {isa = PBXFileReference; fileEncoding = 4; lastKnownFileType = sourcecode.c.h; path = YourRightsNavigationController.h; sourceTree = "<group>"; };
		742DB5D80F11FB330079E6B0 /* YourRightsNavigationController.m */ = {isa = PBXFileReference; fileEncoding = 4; lastKnownFileType = sourcecode.c.objc; path = YourRightsNavigationController.m; sourceTree = "<group>"; };
		742DB5F60F11FF240079E6B0 /* ForwardDeclarations.h */ = {isa = PBXFileReference; fileEncoding = 4; lastKnownFileType = sourcecode.c.h; path = ForwardDeclarations.h; sourceTree = "<group>"; };
		742DB77F0F1209540079E6B0 /* QuestionsViewController.h */ = {isa = PBXFileReference; fileEncoding = 4; lastKnownFileType = sourcecode.c.h; path = QuestionsViewController.h; sourceTree = "<group>"; };
		742DB7800F1209540079E6B0 /* QuestionsViewController.m */ = {isa = PBXFileReference; fileEncoding = 4; lastKnownFileType = sourcecode.c.objc; path = QuestionsViewController.m; sourceTree = "<group>"; };
		742DB7820F12095C0079E6B0 /* Model.h */ = {isa = PBXFileReference; fileEncoding = 4; lastKnownFileType = sourcecode.c.h; path = Model.h; sourceTree = "<group>"; };
		742DB7830F12095C0079E6B0 /* Model.m */ = {isa = PBXFileReference; fileEncoding = 4; lastKnownFileType = sourcecode.c.objc; path = Model.m; sourceTree = "<group>"; };
		742DB8160F120DD10079E6B0 /* ViewControllerUtilities.h */ = {isa = PBXFileReference; fileEncoding = 4; lastKnownFileType = sourcecode.c.h; path = ViewControllerUtilities.h; sourceTree = "<group>"; };
		742DB8170F120DD10079E6B0 /* ViewControllerUtilities.m */ = {isa = PBXFileReference; fileEncoding = 4; lastKnownFileType = sourcecode.c.objc; path = ViewControllerUtilities.m; sourceTree = "<group>"; };
		742DB84C0F129F070079E6B0 /* Icon.png */ = {isa = PBXFileReference; lastKnownFileType = image.png; name = Icon.png; path = Resources/Icon.png; sourceTree = "<group>"; };
		742DB87E0F12A6650079E6B0 /* WrappableCell.h */ = {isa = PBXFileReference; fileEncoding = 4; lastKnownFileType = sourcecode.c.h; path = WrappableCell.h; sourceTree = "<group>"; };
		742DB87F0F12A6650079E6B0 /* WrappableCell.m */ = {isa = PBXFileReference; fileEncoding = 4; lastKnownFileType = sourcecode.c.objc; path = WrappableCell.m; sourceTree = "<group>"; };
		742DB8B10F12A7190079E6B0 /* AnswerViewController.h */ = {isa = PBXFileReference; fileEncoding = 4; lastKnownFileType = sourcecode.c.h; path = AnswerViewController.h; sourceTree = "<group>"; };
		742DB8B20F12A7190079E6B0 /* AnswerViewController.m */ = {isa = PBXFileReference; fileEncoding = 4; lastKnownFileType = sourcecode.c.objc; path = AnswerViewController.m; sourceTree = "<group>"; };
		742DBAB10F12C6D80079E6B0 /* RootViewController.h */ = {isa = PBXFileReference; fileEncoding = 4; lastKnownFileType = sourcecode.c.h; path = RootViewController.h; sourceTree = "<group>"; };
		742DBAB20F12C6D80079E6B0 /* RootViewController.m */ = {isa = PBXFileReference; fileEncoding = 4; lastKnownFileType = sourcecode.c.objc; path = RootViewController.m; sourceTree = "<group>"; };
		742DBB1F0F12CD240079E6B0 /* ToughQuestionsViewController.h */ = {isa = PBXFileReference; fileEncoding = 4; lastKnownFileType = sourcecode.c.h; path = ToughQuestionsViewController.h; sourceTree = "<group>"; };
		742DBB200F12CD240079E6B0 /* ToughQuestionsViewController.m */ = {isa = PBXFileReference; fileEncoding = 4; lastKnownFileType = sourcecode.c.objc; path = ToughQuestionsViewController.m; sourceTree = "<group>"; };
		742DBB610F12D29D0079E6B0 /* ToughAnswerViewController.h */ = {isa = PBXFileReference; fileEncoding = 4; lastKnownFileType = sourcecode.c.h; path = ToughAnswerViewController.h; sourceTree = "<group>"; };
		742DBB620F12D29D0079E6B0 /* ToughAnswerViewController.m */ = {isa = PBXFileReference; fileEncoding = 4; lastKnownFileType = sourcecode.c.objc; path = ToughAnswerViewController.m; sourceTree = "<group>"; };
		742DBB850F12D4AC0079E6B0 /* Decision.h */ = {isa = PBXFileReference; fileEncoding = 4; lastKnownFileType = sourcecode.c.h; path = Decision.h; sourceTree = "<group>"; };
		742DBB860F12D4AC0079E6B0 /* Decision.m */ = {isa = PBXFileReference; fileEncoding = 4; lastKnownFileType = sourcecode.c.objc; path = Decision.m; sourceTree = "<group>"; };
		742DBC260F12FD1C0079E6B0 /* GreatestHitsViewController.h */ = {isa = PBXFileReference; fileEncoding = 4; lastKnownFileType = sourcecode.c.h; path = GreatestHitsViewController.h; sourceTree = "<group>"; };
		742DBC270F12FD1C0079E6B0 /* GreatestHitsViewController.m */ = {isa = PBXFileReference; fileEncoding = 4; lastKnownFileType = sourcecode.c.objc; path = GreatestHitsViewController.m; sourceTree = "<group>"; };
		742DBC2A0F12FD4E0079E6B0 /* MultiDictionary.h */ = {isa = PBXFileReference; fileEncoding = 4; lastKnownFileType = sourcecode.c.h; path = MultiDictionary.h; sourceTree = "<group>"; };
		742DBC2B0F12FD4E0079E6B0 /* MultiDictionary.m */ = {isa = PBXFileReference; fileEncoding = 4; lastKnownFileType = sourcecode.c.objc; path = MultiDictionary.m; sourceTree = "<group>"; };
		742DBCE90F1309BE0079E6B0 /* DecisionCell.h */ = {isa = PBXFileReference; fileEncoding = 4; lastKnownFileType = sourcecode.c.h; path = DecisionCell.h; sourceTree = "<group>"; };
		742DBCEA0F1309BE0079E6B0 /* DecisionCell.m */ = {isa = PBXFileReference; fileEncoding = 4; lastKnownFileType = sourcecode.c.objc; path = DecisionCell.m; sourceTree = "<group>"; };
		742DBE340F1321030079E6B0 /* WebViewController.h */ = {isa = PBXFileReference; fileEncoding = 4; lastKnownFileType = sourcecode.c.h; path = WebViewController.h; sourceTree = "<group>"; };
		742DBE350F1321030079E6B0 /* WebViewController.m */ = {isa = PBXFileReference; fileEncoding = 4; lastKnownFileType = sourcecode.c.objc; path = WebViewController.m; sourceTree = "<group>"; };
		742DBF180F132AD50079E6B0 /* ACLUInfoViewController.h */ = {isa = PBXFileReference; fileEncoding = 4; lastKnownFileType = sourcecode.c.h; path = ACLUInfoViewController.h; sourceTree = "<group>"; };
		742DBF190F132AD50079E6B0 /* ACLUInfoViewController.m */ = {isa = PBXFileReference; fileEncoding = 4; lastKnownFileType = sourcecode.c.objc; path = ACLUInfoViewController.m; sourceTree = "<group>"; };
		742DC05D0F1336510079E6B0 /* CreditsViewController.h */ = {isa = PBXFileReference; fileEncoding = 4; lastKnownFileType = sourcecode.c.h; path = CreditsViewController.h; sourceTree = "<group>"; };
		742DC05E0F1336510079E6B0 /* CreditsViewController.m */ = {isa = PBXFileReference; fileEncoding = 4; lastKnownFileType = sourcecode.c.objc; path = CreditsViewController.m; sourceTree = "<group>"; };
		742DC0670F1337ED0079E6B0 /* LocaleUtilities.h */ = {isa = PBXFileReference; fileEncoding = 4; lastKnownFileType = sourcecode.c.h; path = LocaleUtilities.h; sourceTree = "<group>"; };
		742DC0680F1337ED0079E6B0 /* LocaleUtilities.m */ = {isa = PBXFileReference; fileEncoding = 4; lastKnownFileType = sourcecode.c.objc; path = LocaleUtilities.m; sourceTree = "<group>"; };
		742DC06A0F1337FF0079E6B0 /* Utilities.h */ = {isa = PBXFileReference; fileEncoding = 4; lastKnownFileType = sourcecode.c.h; path = Utilities.h; sourceTree = "<group>"; };
		742DC06B0F1337FF0079E6B0 /* Utilities.m */ = {isa = PBXFileReference; fileEncoding = 4; lastKnownFileType = sourcecode.c.objc; path = Utilities.m; sourceTree = "<group>"; };
		743C01DF0F44CEAC001BBBBA /* Entitlements.plist */ = {isa = PBXFileReference; fileEncoding = 4; lastKnownFileType = text.plist.xml; path = Entitlements.plist; sourceTree = "<group>"; };
		743D96F60F3FAB5400BA0784 /* Constitution.h */ = {isa = PBXFileReference; fileEncoding = 4; lastKnownFileType = sourcecode.c.h; path = Constitution.h; sourceTree = "<group>"; };
		743D96F70F3FAB5400BA0784 /* Constitution.m */ = {isa = PBXFileReference; fileEncoding = 4; lastKnownFileType = sourcecode.c.objc; path = Constitution.m; sourceTree = "<group>"; };
		743D96FA0F3FAC1B00BA0784 /* Article.h */ = {isa = PBXFileReference; fileEncoding = 4; lastKnownFileType = sourcecode.c.h; path = Article.h; sourceTree = "<group>"; };
		743D96FB0F3FAC1B00BA0784 /* Article.m */ = {isa = PBXFileReference; fileEncoding = 4; lastKnownFileType = sourcecode.c.objc; path = Article.m; sourceTree = "<group>"; };
		743D96FD0F3FADB800BA0784 /* Section.h */ = {isa = PBXFileReference; fileEncoding = 4; lastKnownFileType = sourcecode.c.h; path = Section.h; sourceTree = "<group>"; };
		743D96FE0F3FADB800BA0784 /* Section.m */ = {isa = PBXFileReference; fileEncoding = 4; lastKnownFileType = sourcecode.c.objc; path = Section.m; sourceTree = "<group>"; };
		7442261A0F44870600787F33 /* AbstractCache.h */ = {isa = PBXFileReference; fileEncoding = 4; lastKnownFileType = sourcecode.c.h; path = AbstractCache.h; sourceTree = "<group>"; };
		7442261B0F44870600787F33 /* AbstractCache.m */ = {isa = PBXFileReference; fileEncoding = 4; lastKnownFileType = sourcecode.c.objc; path = AbstractCache.m; sourceTree = "<group>"; };
		745A09210F2ED55A002F64C6 /* Controller.h */ = {isa = PBXFileReference; fileEncoding = 4; lastKnownFileType = sourcecode.c.h; path = Controller.h; sourceTree = "<group>"; };
		745A09220F2ED55A002F64C6 /* Controller.m */ = {isa = PBXFileReference; fileEncoding = 4; lastKnownFileType = sourcecode.c.objc; path = Controller.m; sourceTree = "<group>"; };
		745A09DC0F2EE190002F64C6 /* RSSCache.h */ = {isa = PBXFileReference; fileEncoding = 4; lastKnownFileType = sourcecode.c.h; path = RSSCache.h; sourceTree = "<group>"; };
		745A09DD0F2EE190002F64C6 /* RSSCache.m */ = {isa = PBXFileReference; fileEncoding = 4; lastKnownFileType = sourcecode.c.objc; path = RSSCache.m; sourceTree = "<group>"; };
		746295390F135CF90073F830 /* License.txt */ = {isa = PBXFileReference; fileEncoding = 4; lastKnownFileType = text; path = License.txt; sourceTree = "<group>"; };
		74954CDE0F38CC9500E79E24 /* FileUtilities.h */ = {isa = PBXFileReference; fileEncoding = 4; lastKnownFileType = sourcecode.c.h; name = FileUtilities.h; path = ../../iPhoneShared/Classes/FileUtilities.h; sourceTree = SOURCE_ROOT; };
		74954CDF0F38CC9500E79E24 /* FileUtilities.m */ = {isa = PBXFileReference; fileEncoding = 4; lastKnownFileType = sourcecode.c.objc; name = FileUtilities.m; path = ../../iPhoneShared/Classes/FileUtilities.m; sourceTree = SOURCE_ROOT; };
		74954CE80F38CCE000E79E24 /* Invocation.h */ = {isa = PBXFileReference; fileEncoding = 4; lastKnownFileType = sourcecode.c.h; name = Invocation.h; path = ../../iPhoneShared/Classes/Invocation.h; sourceTree = SOURCE_ROOT; };
		74954CE90F38CCE000E79E24 /* Invocation.m */ = {isa = PBXFileReference; fileEncoding = 4; lastKnownFileType = sourcecode.c.objc; name = Invocation.m; path = ../../iPhoneShared/Classes/Invocation.m; sourceTree = SOURCE_ROOT; };
		74954CEA0F38CCE000E79E24 /* Invocation2.h */ = {isa = PBXFileReference; fileEncoding = 4; lastKnownFileType = sourcecode.c.h; name = Invocation2.h; path = ../../iPhoneShared/Classes/Invocation2.h; sourceTree = SOURCE_ROOT; };
		74954CEB0F38CCE000E79E24 /* Invocation2.m */ = {isa = PBXFileReference; fileEncoding = 4; lastKnownFileType = sourcecode.c.objc; name = Invocation2.m; path = ../../iPhoneShared/Classes/Invocation2.m; sourceTree = SOURCE_ROOT; };
		74954CEC0F38CCE000E79E24 /* MainThreadGate.h */ = {isa = PBXFileReference; fileEncoding = 4; lastKnownFileType = sourcecode.c.h; name = MainThreadGate.h; path = ../../iPhoneShared/Classes/MainThreadGate.h; sourceTree = SOURCE_ROOT; };
		74954CED0F38CCE000E79E24 /* MainThreadGate.m */ = {isa = PBXFileReference; fileEncoding = 4; lastKnownFileType = sourcecode.c.objc; name = MainThreadGate.m; path = ../../iPhoneShared/Classes/MainThreadGate.m; sourceTree = SOURCE_ROOT; };
		74954CF10F38CCF600E79E24 /* ThreadingUtilities.h */ = {isa = PBXFileReference; fileEncoding = 4; lastKnownFileType = sourcecode.c.h; path = ThreadingUtilities.h; sourceTree = "<group>"; };
		74954CF20F38CCF600E79E24 /* ThreadingUtilities.m */ = {isa = PBXFileReference; fileEncoding = 4; lastKnownFileType = sourcecode.c.objc; path = ThreadingUtilities.m; sourceTree = "<group>"; };
		74954D040F38CD2700E79E24 /* Macros.h */ = {isa = PBXFileReference; fileEncoding = 4; lastKnownFileType = sourcecode.c.h; path = Macros.h; sourceTree = "<group>"; };
		74954D1F0F38CE2F00E79E24 /* BackgroundInvocation.h */ = {isa = PBXFileReference; fileEncoding = 4; lastKnownFileType = sourcecode.c.h; path = BackgroundInvocation.h; sourceTree = "<group>"; };
		74954D200F38CE3000E79E24 /* BackgroundInvocation.m */ = {isa = PBXFileReference; fileEncoding = 4; lastKnownFileType = sourcecode.c.objc; path = BackgroundInvocation.m; sourceTree = "<group>"; };
		74954D210F38CE3000E79E24 /* BackgroundInvocation2.h */ = {isa = PBXFileReference; fileEncoding = 4; lastKnownFileType = sourcecode.c.h; path = BackgroundInvocation2.h; sourceTree = "<group>"; };
		74954D220F38CE3000E79E24 /* BackgroundInvocation2.m */ = {isa = PBXFileReference; fileEncoding = 4; lastKnownFileType = sourcecode.c.objc; path = BackgroundInvocation2.m; sourceTree = "<group>"; };
		74954D2E0F38CEB600E79E24 /* GlobalActivityIndicator.h */ = {isa = PBXFileReference; fileEncoding = 4; lastKnownFileType = sourcecode.c.h; path = GlobalActivityIndicator.h; sourceTree = "<group>"; };
		74954D2F0F38CEB600E79E24 /* GlobalActivityIndicator.m */ = {isa = PBXFileReference; fileEncoding = 4; lastKnownFileType = sourcecode.c.objc; path = GlobalActivityIndicator.m; sourceTree = "<group>"; };
		74954D370F38CEF100E79E24 /* PriorityMutex.h */ = {isa = PBXFileReference; fileEncoding = 4; lastKnownFileType = sourcecode.c.h; name = PriorityMutex.h; path = ../../iPhoneShared/Classes/PriorityMutex.h; sourceTree = SOURCE_ROOT; };
		74954D380F38CEF100E79E24 /* PriorityMutex.m */ = {isa = PBXFileReference; fileEncoding = 4; lastKnownFileType = sourcecode.c.objc; name = PriorityMutex.m; path = ../../iPhoneShared/Classes/PriorityMutex.m; sourceTree = SOURCE_ROOT; };
		74954D390F38CEF100E79E24 /* Pulser.h */ = {isa = PBXFileReference; fileEncoding = 4; lastKnownFileType = sourcecode.c.h; name = Pulser.h; path = ../../iPhoneShared/Classes/Pulser.h; sourceTree = SOURCE_ROOT; };
		74954D3A0F38CEF100E79E24 /* Pulser.m */ = {isa = PBXFileReference; fileEncoding = 4; lastKnownFileType = sourcecode.c.objc; name = Pulser.m; path = ../../iPhoneShared/Classes/Pulser.m; sourceTree = SOURCE_ROOT; };
		74954D890F38D4B000E79E24 /* NetworkUtilities.h */ = {isa = PBXFileReference; fileEncoding = 4; lastKnownFileType = sourcecode.c.h; name = NetworkUtilities.h; path = ../../iPhoneShared/Classes/NetworkUtilities.h; sourceTree = SOURCE_ROOT; };
		74954D8A0F38D4B000E79E24 /* NetworkUtilities.m */ = {isa = PBXFileReference; fileEncoding = 4; lastKnownFileType = sourcecode.c.objc; name = NetworkUtilities.m; path = ../../iPhoneShared/Classes/NetworkUtilities.m; sourceTree = SOURCE_ROOT; };
		74954D8D0F38D4DA00E79E24 /* XmlDocument.h */ = {isa = PBXFileReference; fileEncoding = 4; lastKnownFileType = sourcecode.c.h; name = XmlDocument.h; path = ../../iPhoneShared/Classes/XmlDocument.h; sourceTree = SOURCE_ROOT; };
		74954D8E0F38D4DA00E79E24 /* XmlDocument.m */ = {isa = PBXFileReference; fileEncoding = 4; lastKnownFileType = sourcecode.c.objc; name = XmlDocument.m; path = ../../iPhoneShared/Classes/XmlDocument.m; sourceTree = SOURCE_ROOT; };
		74954D8F0F38D4DA00E79E24 /* XmlElement.h */ = {isa = PBXFileReference; fileEncoding = 4; lastKnownFileType = sourcecode.c.h; name = XmlElement.h; path = ../../iPhoneShared/Classes/XmlElement.h; sourceTree = SOURCE_ROOT; };
		74954D900F38D4DA00E79E24 /* XmlElement.m */ = {isa = PBXFileReference; fileEncoding = 4; lastKnownFileType = sourcecode.c.objc; name = XmlElement.m; path = ../../iPhoneShared/Classes/XmlElement.m; sourceTree = SOURCE_ROOT; };
		74954D910F38D4DA00E79E24 /* XmlParser.h */ = {isa = PBXFileReference; fileEncoding = 4; lastKnownFileType = sourcecode.c.h; name = XmlParser.h; path = ../../iPhoneShared/Classes/XmlParser.h; sourceTree = SOURCE_ROOT; };
		74954D920F38D4DA00E79E24 /* XmlParser.m */ = {isa = PBXFileReference; fileEncoding = 4; lastKnownFileType = sourcecode.c.objc; name = XmlParser.m; path = ../../iPhoneShared/Classes/XmlParser.m; sourceTree = SOURCE_ROOT; };
		74954D930F38D4DA00E79E24 /* XmlSerializer.h */ = {isa = PBXFileReference; fileEncoding = 4; lastKnownFileType = sourcecode.c.h; name = XmlSerializer.h; path = ../../iPhoneShared/Classes/XmlSerializer.h; sourceTree = SOURCE_ROOT; };
		74954D940F38D4DA00E79E24 /* XmlSerializer.m */ = {isa = PBXFileReference; fileEncoding = 4; lastKnownFileType = sourcecode.c.objc; name = XmlSerializer.m; path = ../../iPhoneShared/Classes/XmlSerializer.m; sourceTree = SOURCE_ROOT; };
		74954D9B0F38D4F700E79E24 /* amigaconfig.h */ = {isa = PBXFileReference; fileEncoding = 4; lastKnownFileType = sourcecode.c.h; name = amigaconfig.h; path = ../../iPhoneShared/External/Expat/amigaconfig.h; sourceTree = SOURCE_ROOT; };
		74954D9C0F38D4F700E79E24 /* ascii.h */ = {isa = PBXFileReference; fileEncoding = 4; lastKnownFileType = sourcecode.c.h; name = ascii.h; path = ../../iPhoneShared/External/Expat/ascii.h; sourceTree = SOURCE_ROOT; };
		74954D9D0F38D4F700E79E24 /* asciitab.h */ = {isa = PBXFileReference; fileEncoding = 4; lastKnownFileType = sourcecode.c.h; name = asciitab.h; path = ../../iPhoneShared/External/Expat/asciitab.h; sourceTree = SOURCE_ROOT; };
		74954D9E0F38D4F700E79E24 /* expat.h */ = {isa = PBXFileReference; fileEncoding = 4; lastKnownFileType = sourcecode.c.h; name = expat.h; path = ../../iPhoneShared/External/Expat/expat.h; sourceTree = SOURCE_ROOT; };
		74954D9F0F38D4F700E79E24 /* expat_external.h */ = {isa = PBXFileReference; fileEncoding = 4; lastKnownFileType = sourcecode.c.h; name = expat_external.h; path = ../../iPhoneShared/External/Expat/expat_external.h; sourceTree = SOURCE_ROOT; };
		74954DA00F38D4F700E79E24 /* iasciitab.h */ = {isa = PBXFileReference; fileEncoding = 4; lastKnownFileType = sourcecode.c.h; name = iasciitab.h; path = ../../iPhoneShared/External/Expat/iasciitab.h; sourceTree = SOURCE_ROOT; };
		74954DA10F38D4F700E79E24 /* internal.h */ = {isa = PBXFileReference; fileEncoding = 4; lastKnownFileType = sourcecode.c.h; name = internal.h; path = ../../iPhoneShared/External/Expat/internal.h; sourceTree = SOURCE_ROOT; };
		74954DA20F38D4F700E79E24 /* latin1tab.h */ = {isa = PBXFileReference; fileEncoding = 4; lastKnownFileType = sourcecode.c.h; name = latin1tab.h; path = ../../iPhoneShared/External/Expat/latin1tab.h; sourceTree = SOURCE_ROOT; };
		74954DA30F38D4F700E79E24 /* macconfig.h */ = {isa = PBXFileReference; fileEncoding = 4; lastKnownFileType = sourcecode.c.h; name = macconfig.h; path = ../../iPhoneShared/External/Expat/macconfig.h; sourceTree = SOURCE_ROOT; };
		74954DA40F38D4F700E79E24 /* nametab.h */ = {isa = PBXFileReference; fileEncoding = 4; lastKnownFileType = sourcecode.c.h; name = nametab.h; path = ../../iPhoneShared/External/Expat/nametab.h; sourceTree = SOURCE_ROOT; };
		74954DA50F38D4F700E79E24 /* utf8tab.h */ = {isa = PBXFileReference; fileEncoding = 4; lastKnownFileType = sourcecode.c.h; name = utf8tab.h; path = ../../iPhoneShared/External/Expat/utf8tab.h; sourceTree = SOURCE_ROOT; };
		74954DA60F38D4F700E79E24 /* winconfig.h */ = {isa = PBXFileReference; fileEncoding = 4; lastKnownFileType = sourcecode.c.h; name = winconfig.h; path = ../../iPhoneShared/External/Expat/winconfig.h; sourceTree = SOURCE_ROOT; };
		74954DA70F38D4F700E79E24 /* xmlparse.c */ = {isa = PBXFileReference; fileEncoding = 4; lastKnownFileType = sourcecode.c.c; name = xmlparse.c; path = ../../iPhoneShared/External/Expat/xmlparse.c; sourceTree = SOURCE_ROOT; };
		74954DA80F38D4F700E79E24 /* xmlrole.c */ = {isa = PBXFileReference; fileEncoding = 4; lastKnownFileType = sourcecode.c.c; name = xmlrole.c; path = ../../iPhoneShared/External/Expat/xmlrole.c; sourceTree = SOURCE_ROOT; };
		74954DA90F38D4F700E79E24 /* xmlrole.h */ = {isa = PBXFileReference; fileEncoding = 4; lastKnownFileType = sourcecode.c.h; name = xmlrole.h; path = ../../iPhoneShared/External/Expat/xmlrole.h; sourceTree = SOURCE_ROOT; };
		74954DAA0F38D4F700E79E24 /* xmltok.c */ = {isa = PBXFileReference; fileEncoding = 4; lastKnownFileType = sourcecode.c.c; name = xmltok.c; path = ../../iPhoneShared/External/Expat/xmltok.c; sourceTree = SOURCE_ROOT; };
		74954DAB0F38D4F700E79E24 /* xmltok.h */ = {isa = PBXFileReference; fileEncoding = 4; lastKnownFileType = sourcecode.c.h; name = xmltok.h; path = ../../iPhoneShared/External/Expat/xmltok.h; sourceTree = SOURCE_ROOT; };
		74954DAC0F38D4F700E79E24 /* xmltok_impl.c */ = {isa = PBXFileReference; fileEncoding = 4; lastKnownFileType = sourcecode.c.c; name = xmltok_impl.c; path = ../../iPhoneShared/External/Expat/xmltok_impl.c; sourceTree = SOURCE_ROOT; };
		74954DAD0F38D4F700E79E24 /* xmltok_impl.h */ = {isa = PBXFileReference; fileEncoding = 4; lastKnownFileType = sourcecode.c.h; name = xmltok_impl.h; path = ../../iPhoneShared/External/Expat/xmltok_impl.h; sourceTree = SOURCE_ROOT; };
		74954DAE0F38D4F700E79E24 /* xmltok_ns.c */ = {isa = PBXFileReference; fileEncoding = 4; lastKnownFileType = sourcecode.c.c; name = xmltok_ns.c; path = ../../iPhoneShared/External/Expat/xmltok_ns.c; sourceTree = SOURCE_ROOT; };
		74954DBA0F38D53300E79E24 /* SystemConfiguration.framework */ = {isa = PBXFileReference; lastKnownFileType = wrapper.framework; name = SystemConfiguration.framework; path = System/Library/Frameworks/SystemConfiguration.framework; sourceTree = SDKROOT; };
		74954DF40F38D9C000E79E24 /* Item.h */ = {isa = PBXFileReference; fileEncoding = 4; lastKnownFileType = sourcecode.c.h; path = Item.h; sourceTree = "<group>"; };
		74954DF50F38D9C000E79E24 /* Item.m */ = {isa = PBXFileReference; fileEncoding = 4; lastKnownFileType = sourcecode.c.objc; path = Item.m; sourceTree = "<group>"; };
		74954E070F38DBF100E79E24 /* StringUtilities.h */ = {isa = PBXFileReference; fileEncoding = 4; lastKnownFileType = sourcecode.c.h; name = StringUtilities.h; path = ../../iPhoneShared/Classes/StringUtilities.h; sourceTree = SOURCE_ROOT; };
		74954E080F38DBF100E79E24 /* StringUtilities.m */ = {isa = PBXFileReference; fileEncoding = 4; lastKnownFileType = sourcecode.c.objc; name = StringUtilities.m; path = ../../iPhoneShared/Classes/StringUtilities.m; sourceTree = SOURCE_ROOT; };
		74954E4B0F38DECA00E79E24 /* ACLUNewsViewController.h */ = {isa = PBXFileReference; fileEncoding = 4; lastKnownFileType = sourcecode.c.h; path = ACLUNewsViewController.h; sourceTree = "<group>"; };
		74954E4C0F38DECA00E79E24 /* ACLUNewsViewController.m */ = {isa = PBXFileReference; fileEncoding = 4; lastKnownFileType = sourcecode.c.objc; path = ACLUNewsViewController.m; sourceTree = "<group>"; };
		74954E950F38E14600E79E24 /* ACLUArticlesViewController.h */ = {isa = PBXFileReference; fileEncoding = 4; lastKnownFileType = sourcecode.c.h; path = ACLUArticlesViewController.h; sourceTree = "<group>"; };
		74954E960F38E14600E79E24 /* ACLUArticlesViewController.m */ = {isa = PBXFileReference; fileEncoding = 4; lastKnownFileType = sourcecode.c.objc; path = ACLUArticlesViewController.m; sourceTree = "<group>"; };
		74954F320F38E5F400E79E24 /* ArticleTitleCell.h */ = {isa = PBXFileReference; fileEncoding = 4; lastKnownFileType = sourcecode.c.h; path = ArticleTitleCell.h; sourceTree = "<group>"; };
		74954F560F38E7BC00E79E24 /* ArticleTitleCell.m */ = {isa = PBXFileReference; fileEncoding = 4; lastKnownFileType = sourcecode.c.objc; path = ArticleTitleCell.m; sourceTree = "<group>"; };
		74954FD80F38EA3500E79E24 /* ArticleBodyCell.h */ = {isa = PBXFileReference; fileEncoding = 4; lastKnownFileType = sourcecode.c.h; path = ArticleBodyCell.h; sourceTree = "<group>"; };
		74954FD90F38EA3500E79E24 /* ArticleBodyCell.m */ = {isa = PBXFileReference; fileEncoding = 4; lastKnownFileType = sourcecode.c.objc; path = ArticleBodyCell.m; sourceTree = "<group>"; };
		74954FE10F38EAA900E79E24 /* FontCache.h */ = {isa = PBXFileReference; fileEncoding = 4; lastKnownFileType = sourcecode.c.h; path = FontCache.h; sourceTree = "<group>"; };
		74954FE20F38EAA900E79E24 /* FontCache.m */ = {isa = PBXFileReference; fileEncoding = 4; lastKnownFileType = sourcecode.c.objc; path = FontCache.m; sourceTree = "<group>"; };
		74CF62DB0F58706400417ED5 /* DeclarationOfIndependenceViewController.h */ = {isa = PBXFileReference; fileEncoding = 4; lastKnownFileType = sourcecode.c.h; path = DeclarationOfIndependenceViewController.h; sourceTree = "<group>"; };
		74CF62DC0F58706400417ED5 /* DeclarationOfIndependenceViewController.m */ = {isa = PBXFileReference; fileEncoding = 4; lastKnownFileType = sourcecode.c.objc; path = DeclarationOfIndependenceViewController.m; sourceTree = "<group>"; };
		74CF63050F5871D400417ED5 /* DateUtilities.h */ = {isa = PBXFileReference; fileEncoding = 4; lastKnownFileType = sourcecode.c.h; name = DateUtilities.h; path = ../../iPhoneShared/Classes/DateUtilities.h; sourceTree = SOURCE_ROOT; };
		74CF63060F5871D400417ED5 /* DateUtilities.m */ = {isa = PBXFileReference; fileEncoding = 4; lastKnownFileType = sourcecode.c.objc; name = DateUtilities.m; path = ../../iPhoneShared/Classes/DateUtilities.m; sourceTree = SOURCE_ROOT; };
		74CF63F60F5890CC00417ED5 /* FederalistPapersViewController.h */ = {isa = PBXFileReference; fileEncoding = 4; lastKnownFileType = sourcecode.c.h; path = FederalistPapersViewController.h; sourceTree = "<group>"; };
		74CF63F70F5890CC00417ED5 /* FederalistPapersViewController.m */ = {isa = PBXFileReference; fileEncoding = 4; lastKnownFileType = sourcecode.c.objc; path = FederalistPapersViewController.m; sourceTree = "<group>"; };
		74CF64850F5893FA00417ED5 /* FederalistPapersArticleViewController.h */ = {isa = PBXFileReference; fileEncoding = 4; lastKnownFileType = sourcecode.c.h; path = FederalistPapersArticleViewController.h; sourceTree = "<group>"; };
		74CF64860F5893FA00417ED5 /* FederalistPapersArticleViewController.m */ = {isa = PBXFileReference; fileEncoding = 4; lastKnownFileType = sourcecode.c.objc; path = FederalistPapersArticleViewController.m; sourceTree = "<group>"; };
		74CF64B40F5896DA00417ED5 /* FederalistPapersSectionViewController.h */ = {isa = PBXFileReference; fileEncoding = 4; lastKnownFileType = sourcecode.c.h; path = FederalistPapersSectionViewController.h; sourceTree = "<group>"; };
		74CF64B50F5896DA00417ED5 /* FederalistPapersSectionViewController.m */ = {isa = PBXFileReference; fileEncoding = 4; lastKnownFileType = sourcecode.c.objc; path = FederalistPapersSectionViewController.m; sourceTree = "<group>"; };
		74CF65450F58A08A00417ED5 /* ConstitutionViewController.h */ = {isa = PBXFileReference; fileEncoding = 4; lastKnownFileType = sourcecode.c.h; path = ConstitutionViewController.h; sourceTree = "<group>"; };
		74CF65460F58A08A00417ED5 /* ConstitutionViewController.m */ = {isa = PBXFileReference; fileEncoding = 4; lastKnownFileType = sourcecode.c.objc; path = ConstitutionViewController.m; sourceTree = "<group>"; };
		74CF65590F58A0EA00417ED5 /* en */ = {isa = PBXFileReference; fileEncoding = 4; lastKnownFileType = text.plist.strings; name = en; path = Resources/en.lproj/Localizable.strings; sourceTree = "<group>"; };
		74CF656A0F58A17F00417ED5 /* FederalistPapers.h */ = {isa = PBXFileReference; fileEncoding = 4; lastKnownFileType = sourcecode.c.h; path = FederalistPapers.h; sourceTree = "<group>"; };
		74CF656B0F58A17F00417ED5 /* FederalistPapers.m */ = {isa = PBXFileReference; fileEncoding = 4; lastKnownFileType = sourcecode.c.objc; path = FederalistPapers.m; sourceTree = "<group>"; };
		74D389290F58608A00B7A51C /* Person.h */ = {isa = PBXFileReference; fileEncoding = 4; lastKnownFileType = sourcecode.c.h; path = Person.h; sourceTree = "<group>"; };
		74D3892A0F58608A00B7A51C /* Person.m */ = {isa = PBXFileReference; fileEncoding = 4; lastKnownFileType = sourcecode.c.objc; path = Person.m; sourceTree = "<group>"; };
		74D3897E0F58681200B7A51C /* DeclarationOfIndependence.h */ = {isa = PBXFileReference; fileEncoding = 4; lastKnownFileType = sourcecode.c.h; path = DeclarationOfIndependence.h; sourceTree = "<group>"; };
		74D3897F0F58681200B7A51C /* DeclarationOfIndependence.m */ = {isa = PBXFileReference; fileEncoding = 4; lastKnownFileType = sourcecode.c.objc; path = DeclarationOfIndependence.m; sourceTree = "<group>"; };
		8D1107310486CEB800E47090 /* Info.plist */ = {isa = PBXFileReference; fileEncoding = 4; lastKnownFileType = text.plist.xml; path = Info.plist; sourceTree = "<group>"; };
/* End PBXFileReference section */

/* Begin PBXFrameworksBuildPhase section */
		1D60588F0D05DD3D006BFB54 /* Frameworks */ = {
			isa = PBXFrameworksBuildPhase;
			buildActionMask = 2147483647;
			files = (
				1D60589F0D05DD5A006BFB54 /* Foundation.framework in Frameworks */,
				1DF5F4E00D08C38300B7A737 /* UIKit.framework in Frameworks */,
				288765FD0DF74451002DB57D /* CoreGraphics.framework in Frameworks */,
				740101C10F26EB8300258353 /* CFNetwork.framework in Frameworks */,
				74954DBB0F38D53300E79E24 /* SystemConfiguration.framework in Frameworks */,
			);
			runOnlyForDeploymentPostprocessing = 0;
		};
/* End PBXFrameworksBuildPhase section */

/* Begin PBXGroup section */
		080E96DDFE201D6D7F000001 /* Classes */ = {
			isa = PBXGroup;
			children = (
				74CF65690F58A17100417ED5 /* Text */,
				74954D990F38D4DD00E79E24 /* External */,
				74954DEF0F38D9A300E79E24 /* Data */,
				74954D8C0F38D4C600E79E24 /* XML */,
				745A09390F2ED8ED002F64C6 /* Caches */,
				74954CE70F38CCBC00E79E24 /* Threading */,
				742DC0660F1337D40079E6B0 /* Utilities */,
				742DBC290F12FD2A0079E6B0 /* Collections */,
				742DB8150F120DC30079E6B0 /* UI */,
				1D3623240D0F684500981E51 /* YourRightsAppDelegate.h */,
				1D3623250D0F684500981E51 /* YourRightsAppDelegate.m */,
				745A09210F2ED55A002F64C6 /* Controller.h */,
				745A09220F2ED55A002F64C6 /* Controller.m */,
				742DB7820F12095C0079E6B0 /* Model.h */,
				742DB7830F12095C0079E6B0 /* Model.m */,
				7401029C0F276D2700258353 /* Application.h */,
				7401029D0F276D2700258353 /* Application.m */,
			);
			path = Classes;
			sourceTree = "<group>";
		};
		19C28FACFE9D520D11CA2CBB /* Products */ = {
			isa = PBXGroup;
			children = (
				1D6058910D05DD3D006BFB54 /* YourRights.app */,
			);
			name = Products;
			sourceTree = "<group>";
		};
		29B97314FDCFA39411CA2CEA /* CustomTemplate */ = {
			isa = PBXGroup;
			children = (
				080E96DDFE201D6D7F000001 /* Classes */,
				29B97315FDCFA39411CA2CEA /* Other Sources */,
				29B97317FDCFA39411CA2CEA /* Resources */,
				29B97323FDCFA39411CA2CEA /* Frameworks */,
				19C28FACFE9D520D11CA2CBB /* Products */,
				743C01DF0F44CEAC001BBBBA /* Entitlements.plist */,
			);
			name = CustomTemplate;
			sourceTree = "<group>";
		};
		29B97315FDCFA39411CA2CEA /* Other Sources */ = {
			isa = PBXGroup;
			children = (
				74954D040F38CD2700E79E24 /* Macros.h */,
				32CA4F630368D1EE00C91783 /* YourRights_Prefix.pch */,
				29B97316FDCFA39411CA2CEA /* main.m */,
			);
			name = "Other Sources";
			sourceTree = "<group>";
		};
		29B97317FDCFA39411CA2CEA /* Resources */ = {
			isa = PBXGroup;
			children = (
				74CF65580F58A0EA00417ED5 /* Localizable.strings */,
				746295390F135CF90073F830 /* License.txt */,
				742DB84C0F129F070079E6B0 /* Icon.png */,
				28AD733E0D9D9553002E5188 /* MainWindow.xib */,
				8D1107310486CEB800E47090 /* Info.plist */,
				742DB5F60F11FF240079E6B0 /* ForwardDeclarations.h */,
			);
			name = Resources;
			sourceTree = "<group>";
		};
		29B97323FDCFA39411CA2CEA /* Frameworks */ = {
			isa = PBXGroup;
			children = (
				74954DBA0F38D53300E79E24 /* SystemConfiguration.framework */,
				740101C00F26EB8300258353 /* CFNetwork.framework */,
				1DF5F4DF0D08C38300B7A737 /* UIKit.framework */,
				1D30AB110D05D00D00671497 /* Foundation.framework */,
				288765FC0DF74451002DB57D /* CoreGraphics.framework */,
			);
			name = Frameworks;
			sourceTree = "<group>";
		};
		742DB8150F120DC30079E6B0 /* UI */ = {
			isa = PBXGroup;
			children = (
				74954D2A0F38CE3F00E79E24 /* NavigationControllers */,
				74954D2B0F38CE4A00E79E24 /* ViewControllers */,
				74954D2C0F38CE5E00E79E24 /* TableViewCells */,
				742DB8160F120DD10079E6B0 /* ViewControllerUtilities.h */,
				742DB8170F120DD10079E6B0 /* ViewControllerUtilities.m */,
				74954D2E0F38CEB600E79E24 /* GlobalActivityIndicator.h */,
				74954D2F0F38CEB600E79E24 /* GlobalActivityIndicator.m */,
			);
			name = UI;
			sourceTree = "<group>";
		};
		742DBC290F12FD2A0079E6B0 /* Collections */ = {
			isa = PBXGroup;
			children = (
				742DBC2A0F12FD4E0079E6B0 /* MultiDictionary.h */,
				742DBC2B0F12FD4E0079E6B0 /* MultiDictionary.m */,
			);
			name = Collections;
			sourceTree = "<group>";
		};
		742DC0660F1337D40079E6B0 /* Utilities */ = {
			isa = PBXGroup;
			children = (
				74CF63050F5871D400417ED5 /* DateUtilities.h */,
				74CF63060F5871D400417ED5 /* DateUtilities.m */,
				74954E070F38DBF100E79E24 /* StringUtilities.h */,
				74954E080F38DBF100E79E24 /* StringUtilities.m */,
				74954D890F38D4B000E79E24 /* NetworkUtilities.h */,
				74954D8A0F38D4B000E79E24 /* NetworkUtilities.m */,
				74954CDE0F38CC9500E79E24 /* FileUtilities.h */,
				74954CDF0F38CC9500E79E24 /* FileUtilities.m */,
				740101A30F26EB0B00258353 /* AlertUtilities.h */,
				740101A40F26EB0B00258353 /* AlertUtilities.m */,
				742DC06A0F1337FF0079E6B0 /* Utilities.h */,
				742DC06B0F1337FF0079E6B0 /* Utilities.m */,
				742DC0670F1337ED0079E6B0 /* LocaleUtilities.h */,
				742DC0680F1337ED0079E6B0 /* LocaleUtilities.m */,
				74954D390F38CEF100E79E24 /* Pulser.h */,
				74954D3A0F38CEF100E79E24 /* Pulser.m */,
			);
			name = Utilities;
			sourceTree = "<group>";
		};
		745A09390F2ED8ED002F64C6 /* Caches */ = {
			isa = PBXGroup;
			children = (
				7442261A0F44870600787F33 /* AbstractCache.h */,
				7442261B0F44870600787F33 /* AbstractCache.m */,
				74954FE00F38EA8800E79E24 /* UI */,
				745A09DC0F2EE190002F64C6 /* RSSCache.h */,
				745A09DD0F2EE190002F64C6 /* RSSCache.m */,
			);
			name = Caches;
			sourceTree = "<group>";
		};
		74954CE70F38CCBC00E79E24 /* Threading */ = {
			isa = PBXGroup;
			children = (
				74954D370F38CEF100E79E24 /* PriorityMutex.h */,
				74954D380F38CEF100E79E24 /* PriorityMutex.m */,
				74954D1F0F38CE2F00E79E24 /* BackgroundInvocation.h */,
				74954D200F38CE3000E79E24 /* BackgroundInvocation.m */,
				74954D210F38CE3000E79E24 /* BackgroundInvocation2.h */,
				74954D220F38CE3000E79E24 /* BackgroundInvocation2.m */,
				74954CF10F38CCF600E79E24 /* ThreadingUtilities.h */,
				74954CF20F38CCF600E79E24 /* ThreadingUtilities.m */,
				74954CE80F38CCE000E79E24 /* Invocation.h */,
				74954CE90F38CCE000E79E24 /* Invocation.m */,
				74954CEA0F38CCE000E79E24 /* Invocation2.h */,
				74954CEB0F38CCE000E79E24 /* Invocation2.m */,
				74954CEC0F38CCE000E79E24 /* MainThreadGate.h */,
				74954CED0F38CCE000E79E24 /* MainThreadGate.m */,
			);
			name = Threading;
			sourceTree = "<group>";
		};
		74954D2A0F38CE3F00E79E24 /* NavigationControllers */ = {
			isa = PBXGroup;
			children = (
				742DB5D70F11FB330079E6B0 /* YourRightsNavigationController.h */,
				742DB5D80F11FB330079E6B0 /* YourRightsNavigationController.m */,
			);
			name = NavigationControllers;
			sourceTree = "<group>";
		};
		74954D2B0F38CE4A00E79E24 /* ViewControllers */ = {
			isa = PBXGroup;
			children = (
				74CF647B0F58939100417ED5 /* Constitution */,
				74CF647C0F58939D00417ED5 /* FederalistPapers */,
				742DB5D40F11FB0C0079E6B0 /* SectionViewController.h */,
				742DB5D50F11FB0C0079E6B0 /* SectionViewController.m */,
				74954E4B0F38DECA00E79E24 /* ACLUNewsViewController.h */,
				74954E4C0F38DECA00E79E24 /* ACLUNewsViewController.m */,
				742DC05D0F1336510079E6B0 /* CreditsViewController.h */,
				742DC05E0F1336510079E6B0 /* CreditsViewController.m */,
				742DBE340F1321030079E6B0 /* WebViewController.h */,
				742DBE350F1321030079E6B0 /* WebViewController.m */,
				742DB77F0F1209540079E6B0 /* QuestionsViewController.h */,
				742DB7800F1209540079E6B0 /* QuestionsViewController.m */,
				742DB8B10F12A7190079E6B0 /* AnswerViewController.h */,
				742DB8B20F12A7190079E6B0 /* AnswerViewController.m */,
				742DBAB10F12C6D80079E6B0 /* RootViewController.h */,
				742DBAB20F12C6D80079E6B0 /* RootViewController.m */,
				742DBB1F0F12CD240079E6B0 /* ToughQuestionsViewController.h */,
				742DBB200F12CD240079E6B0 /* ToughQuestionsViewController.m */,
				742DBB610F12D29D0079E6B0 /* ToughAnswerViewController.h */,
				742DBB620F12D29D0079E6B0 /* ToughAnswerViewController.m */,
				742DBC260F12FD1C0079E6B0 /* GreatestHitsViewController.h */,
				742DBC270F12FD1C0079E6B0 /* GreatestHitsViewController.m */,
				742DBF180F132AD50079E6B0 /* ACLUInfoViewController.h */,
				742DBF190F132AD50079E6B0 /* ACLUInfoViewController.m */,
				74954E950F38E14600E79E24 /* ACLUArticlesViewController.h */,
				74954E960F38E14600E79E24 /* ACLUArticlesViewController.m */,
				74CF62DB0F58706400417ED5 /* DeclarationOfIndependenceViewController.h */,
				74CF62DC0F58706400417ED5 /* DeclarationOfIndependenceViewController.m */,
			);
			name = ViewControllers;
			sourceTree = "<group>";
		};
		74954D2C0F38CE5E00E79E24 /* TableViewCells */ = {
			isa = PBXGroup;
			children = (
				742DB87E0F12A6650079E6B0 /* WrappableCell.h */,
				742DB87F0F12A6650079E6B0 /* WrappableCell.m */,
				742DBCE90F1309BE0079E6B0 /* DecisionCell.h */,
				742DBCEA0F1309BE0079E6B0 /* DecisionCell.m */,
				74954F320F38E5F400E79E24 /* ArticleTitleCell.h */,
				74954F560F38E7BC00E79E24 /* ArticleTitleCell.m */,
				74954FD80F38EA3500E79E24 /* ArticleBodyCell.h */,
				74954FD90F38EA3500E79E24 /* ArticleBodyCell.m */,
				740E8DB30F3FEEA100798E0C /* AutoResizingCell.h */,
				740E8DB40F3FEEA100798E0C /* AutoResizingCell.m */,
			);
			name = TableViewCells;
			sourceTree = "<group>";
		};
		74954D8C0F38D4C600E79E24 /* XML */ = {
			isa = PBXGroup;
			children = (
				74954D8D0F38D4DA00E79E24 /* XmlDocument.h */,
				74954D8E0F38D4DA00E79E24 /* XmlDocument.m */,
				74954D8F0F38D4DA00E79E24 /* XmlElement.h */,
				74954D900F38D4DA00E79E24 /* XmlElement.m */,
				74954D910F38D4DA00E79E24 /* XmlParser.h */,
				74954D920F38D4DA00E79E24 /* XmlParser.m */,
				74954D930F38D4DA00E79E24 /* XmlSerializer.h */,
				74954D940F38D4DA00E79E24 /* XmlSerializer.m */,
			);
			name = XML;
			sourceTree = "<group>";
		};
		74954D990F38D4DD00E79E24 /* External */ = {
			isa = PBXGroup;
			children = (
				74954D9A0F38D4E200E79E24 /* expat */,
			);
			name = External;
			sourceTree = "<group>";
		};
		74954D9A0F38D4E200E79E24 /* expat */ = {
			isa = PBXGroup;
			children = (
				74954D9B0F38D4F700E79E24 /* amigaconfig.h */,
				74954D9C0F38D4F700E79E24 /* ascii.h */,
				74954D9D0F38D4F700E79E24 /* asciitab.h */,
				74954D9E0F38D4F700E79E24 /* expat.h */,
				74954D9F0F38D4F700E79E24 /* expat_external.h */,
				74954DA00F38D4F700E79E24 /* iasciitab.h */,
				74954DA10F38D4F700E79E24 /* internal.h */,
				74954DA20F38D4F700E79E24 /* latin1tab.h */,
				74954DA30F38D4F700E79E24 /* macconfig.h */,
				74954DA40F38D4F700E79E24 /* nametab.h */,
				74954DA50F38D4F700E79E24 /* utf8tab.h */,
				74954DA60F38D4F700E79E24 /* winconfig.h */,
				74954DA70F38D4F700E79E24 /* xmlparse.c */,
				74954DA80F38D4F700E79E24 /* xmlrole.c */,
				74954DA90F38D4F700E79E24 /* xmlrole.h */,
				74954DAA0F38D4F700E79E24 /* xmltok.c */,
				74954DAB0F38D4F700E79E24 /* xmltok.h */,
				74954DAC0F38D4F700E79E24 /* xmltok_impl.c */,
				74954DAD0F38D4F700E79E24 /* xmltok_impl.h */,
				74954DAE0F38D4F700E79E24 /* xmltok_ns.c */,
			);
			name = expat;
			sourceTree = "<group>";
		};
		74954DEF0F38D9A300E79E24 /* Data */ = {
			isa = PBXGroup;
			children = (
				742DBB850F12D4AC0079E6B0 /* Decision.h */,
				742DBB860F12D4AC0079E6B0 /* Decision.m */,
				74954DF40F38D9C000E79E24 /* Item.h */,
				74954DF50F38D9C000E79E24 /* Item.m */,
				743D96F60F3FAB5400BA0784 /* Constitution.h */,
				743D96F70F3FAB5400BA0784 /* Constitution.m */,
				743D96FA0F3FAC1B00BA0784 /* Article.h */,
				743D96FB0F3FAC1B00BA0784 /* Article.m */,
				743D96FD0F3FADB800BA0784 /* Section.h */,
				743D96FE0F3FADB800BA0784 /* Section.m */,
				740E8D690F3FE93A00798E0C /* Amendment.h */,
				740E8D6A0F3FE93A00798E0C /* Amendment.m */,
				74D389290F58608A00B7A51C /* Person.h */,
				74D3892A0F58608A00B7A51C /* Person.m */,
				74D3897E0F58681200B7A51C /* DeclarationOfIndependence.h */,
				74D3897F0F58681200B7A51C /* DeclarationOfIndependence.m */,
			);
			name = Data;
			sourceTree = "<group>";
		};
		74954FE00F38EA8800E79E24 /* UI */ = {
			isa = PBXGroup;
			children = (
				74954FE10F38EAA900E79E24 /* FontCache.h */,
				74954FE20F38EAA900E79E24 /* FontCache.m */,
			);
			name = UI;
			sourceTree = "<group>";
		};
		74CF647B0F58939100417ED5 /* Constitution */ = {
			isa = PBXGroup;
			children = (
				74CF65450F58A08A00417ED5 /* ConstitutionViewController.h */,
				74CF65460F58A08A00417ED5 /* ConstitutionViewController.m */,
				740E8D180F3FE56D00798E0C /* ConstitutionArticleViewController.h */,
				740E8D190F3FE56D00798E0C /* ConstitutionArticleViewController.m */,
				740E8E200F3FF51E00798E0C /* ConstitutionAmendmentViewController.h */,
				740E8E210F3FF51E00798E0C /* ConstitutionAmendmentViewController.m */,
				740E8EDE0F40A53700798E0C /* ConstitutionSignersViewController.h */,
				740E8EDF0F40A53700798E0C /* ConstitutionSignersViewController.m */,
			);
			name = Constitution;
			sourceTree = "<group>";
		};
		74CF647C0F58939D00417ED5 /* FederalistPapers */ = {
			isa = PBXGroup;
			children = (
				74CF63F60F5890CC00417ED5 /* FederalistPapersViewController.h */,
				74CF63F70F5890CC00417ED5 /* FederalistPapersViewController.m */,
				74CF64850F5893FA00417ED5 /* FederalistPapersArticleViewController.h */,
				74CF64860F5893FA00417ED5 /* FederalistPapersArticleViewController.m */,
				74CF64B40F5896DA00417ED5 /* FederalistPapersSectionViewController.h */,
				74CF64B50F5896DA00417ED5 /* FederalistPapersSectionViewController.m */,
			);
			name = FederalistPapers;
			sourceTree = "<group>";
		};
		74CF65690F58A17100417ED5 /* Text */ = {
			isa = PBXGroup;
			children = (
				74CF656A0F58A17F00417ED5 /* FederalistPapers.h */,
				74CF656B0F58A17F00417ED5 /* FederalistPapers.m */,
			);
			name = Text;
			sourceTree = "<group>";
		};
/* End PBXGroup section */

/* Begin PBXNativeTarget section */
		1D6058900D05DD3D006BFB54 /* YourRights */ = {
			isa = PBXNativeTarget;
			buildConfigurationList = 1D6058960D05DD3E006BFB54 /* Build configuration list for PBXNativeTarget "YourRights" */;
			buildPhases = (
				1D60588D0D05DD3D006BFB54 /* Resources */,
				1D60588E0D05DD3D006BFB54 /* Sources */,
				1D60588F0D05DD3D006BFB54 /* Frameworks */,
			);
			buildRules = (
			);
			dependencies = (
			);
			name = YourRights;
			productName = YourRights;
			productReference = 1D6058910D05DD3D006BFB54 /* YourRights.app */;
			productType = "com.apple.product-type.application";
		};
/* End PBXNativeTarget section */

/* Begin PBXProject section */
		29B97313FDCFA39411CA2CEA /* Project object */ = {
			isa = PBXProject;
			buildConfigurationList = C01FCF4E08A954540054247B /* Build configuration list for PBXProject "YourRights" */;
			compatibilityVersion = "Xcode 3.1";
			hasScannedForEncodings = 1;
			knownRegions = (
				English,
				Japanese,
				French,
				German,
				en,
			);
			mainGroup = 29B97314FDCFA39411CA2CEA /* CustomTemplate */;
			projectDirPath = "";
			projectRoot = "";
			targets = (
				1D6058900D05DD3D006BFB54 /* YourRights */,
			);
		};
/* End PBXProject section */

/* Begin PBXResourcesBuildPhase section */
		1D60588D0D05DD3D006BFB54 /* Resources */ = {
			isa = PBXResourcesBuildPhase;
			buildActionMask = 2147483647;
			files = (
				28AD733F0D9D9553002E5188 /* MainWindow.xib in Resources */,
				742DB84D0F129F070079E6B0 /* Icon.png in Resources */,
				7462953A0F135CF90073F830 /* License.txt in Resources */,
				74CF655A0F58A0EA00417ED5 /* Localizable.strings in Resources */,
			);
			runOnlyForDeploymentPostprocessing = 0;
		};
/* End PBXResourcesBuildPhase section */

/* Begin PBXSourcesBuildPhase section */
		1D60588E0D05DD3D006BFB54 /* Sources */ = {
			isa = PBXSourcesBuildPhase;
			buildActionMask = 2147483647;
			files = (
				1D60589B0D05DD56006BFB54 /* main.m in Sources */,
				1D3623260D0F684500981E51 /* YourRightsAppDelegate.m in Sources */,
				742DB5D60F11FB0C0079E6B0 /* SectionViewController.m in Sources */,
				742DB5D90F11FB330079E6B0 /* YourRightsNavigationController.m in Sources */,
				742DB7810F1209540079E6B0 /* QuestionsViewController.m in Sources */,
				742DB7840F12095C0079E6B0 /* Model.m in Sources */,
				742DB8180F120DD10079E6B0 /* ViewControllerUtilities.m in Sources */,
				742DB8800F12A6650079E6B0 /* WrappableCell.m in Sources */,
				742DB8B30F12A7190079E6B0 /* AnswerViewController.m in Sources */,
				742DBAB30F12C6D80079E6B0 /* RootViewController.m in Sources */,
				742DBB210F12CD240079E6B0 /* ToughQuestionsViewController.m in Sources */,
				742DBB630F12D29D0079E6B0 /* ToughAnswerViewController.m in Sources */,
				742DBB870F12D4AC0079E6B0 /* Decision.m in Sources */,
				742DBC280F12FD1C0079E6B0 /* GreatestHitsViewController.m in Sources */,
				742DBC2C0F12FD4E0079E6B0 /* MultiDictionary.m in Sources */,
				742DBCEB0F1309BE0079E6B0 /* DecisionCell.m in Sources */,
				742DBE360F1321030079E6B0 /* WebViewController.m in Sources */,
				742DBF1A0F132AD50079E6B0 /* ACLUInfoViewController.m in Sources */,
				742DC05F0F1336510079E6B0 /* CreditsViewController.m in Sources */,
				742DC0690F1337ED0079E6B0 /* LocaleUtilities.m in Sources */,
				742DC06C0F1337FF0079E6B0 /* Utilities.m in Sources */,
				740101A50F26EB0B00258353 /* AlertUtilities.m in Sources */,
				7401029E0F276D2700258353 /* Application.m in Sources */,
				745A09230F2ED55A002F64C6 /* Controller.m in Sources */,
				745A09DE0F2EE190002F64C6 /* RSSCache.m in Sources */,
				74954CE00F38CC9500E79E24 /* FileUtilities.m in Sources */,
				74954CEE0F38CCE000E79E24 /* Invocation.m in Sources */,
				74954CEF0F38CCE000E79E24 /* Invocation2.m in Sources */,
				74954CF00F38CCE000E79E24 /* MainThreadGate.m in Sources */,
				74954CF30F38CCF600E79E24 /* ThreadingUtilities.m in Sources */,
				74954D230F38CE3000E79E24 /* BackgroundInvocation.m in Sources */,
				74954D240F38CE3000E79E24 /* BackgroundInvocation2.m in Sources */,
				74954D300F38CEB600E79E24 /* GlobalActivityIndicator.m in Sources */,
				74954D3B0F38CEF100E79E24 /* PriorityMutex.m in Sources */,
				74954D3C0F38CEF100E79E24 /* Pulser.m in Sources */,
				74954D8B0F38D4B000E79E24 /* NetworkUtilities.m in Sources */,
				74954D950F38D4DA00E79E24 /* XmlDocument.m in Sources */,
				74954D960F38D4DA00E79E24 /* XmlElement.m in Sources */,
				74954D970F38D4DA00E79E24 /* XmlParser.m in Sources */,
				74954D980F38D4DA00E79E24 /* XmlSerializer.m in Sources */,
				74954DAF0F38D4F700E79E24 /* xmlparse.c in Sources */,
				74954DB00F38D4F700E79E24 /* xmlrole.c in Sources */,
				74954DB10F38D4F700E79E24 /* xmltok.c in Sources */,
				74954DB20F38D4F700E79E24 /* xmltok_impl.c in Sources */,
				74954DB30F38D4F700E79E24 /* xmltok_ns.c in Sources */,
				74954DF60F38D9C000E79E24 /* Item.m in Sources */,
				74954E090F38DBF100E79E24 /* StringUtilities.m in Sources */,
				74954E4D0F38DECA00E79E24 /* ACLUNewsViewController.m in Sources */,
				74954E970F38E14600E79E24 /* ACLUArticlesViewController.m in Sources */,
				74954F570F38E7BC00E79E24 /* ArticleTitleCell.m in Sources */,
				74954FDA0F38EA3500E79E24 /* ArticleBodyCell.m in Sources */,
				74954FE30F38EAA900E79E24 /* FontCache.m in Sources */,
				743D96F80F3FAB5400BA0784 /* Constitution.m in Sources */,
				743D96FC0F3FAC1B00BA0784 /* Article.m in Sources */,
				743D96FF0F3FADB800BA0784 /* Section.m in Sources */,
				740E8D1A0F3FE56D00798E0C /* ConstitutionArticleViewController.m in Sources */,
				740E8D6B0F3FE93A00798E0C /* Amendment.m in Sources */,
				740E8DB50F3FEEA100798E0C /* AutoResizingCell.m in Sources */,
				740E8E220F3FF51E00798E0C /* ConstitutionAmendmentViewController.m in Sources */,
				740E8EE00F40A53700798E0C /* ConstitutionSignersViewController.m in Sources */,
				7442261C0F44870600787F33 /* AbstractCache.m in Sources */,
				74D3892B0F58608A00B7A51C /* Person.m in Sources */,
				74D389800F58681200B7A51C /* DeclarationOfIndependence.m in Sources */,
				74CF62DD0F58706400417ED5 /* DeclarationOfIndependenceViewController.m in Sources */,
				74CF63070F5871D400417ED5 /* DateUtilities.m in Sources */,
				74CF63F80F5890CC00417ED5 /* FederalistPapersViewController.m in Sources */,
				74CF64870F5893FA00417ED5 /* FederalistPapersArticleViewController.m in Sources */,
				74CF64B60F5896DA00417ED5 /* FederalistPapersSectionViewController.m in Sources */,
				74CF65470F58A08A00417ED5 /* ConstitutionViewController.m in Sources */,
				74CF656C0F58A17F00417ED5 /* FederalistPapers.m in Sources */,
			);
			runOnlyForDeploymentPostprocessing = 0;
		};
/* End PBXSourcesBuildPhase section */

/* Begin PBXVariantGroup section */
		74CF65580F58A0EA00417ED5 /* Localizable.strings */ = {
			isa = PBXVariantGroup;
			children = (
				74CF65590F58A0EA00417ED5 /* en */,
			);
			name = Localizable.strings;
			sourceTree = "<group>";
		};
/* End PBXVariantGroup section */

/* Begin XCBuildConfiguration section */
		1D6058940D05DD3E006BFB54 /* Debug */ = {
			isa = XCBuildConfiguration;
			buildSettings = {
				ALWAYS_SEARCH_USER_PATHS = NO;
				COPY_PHASE_STRIP = NO;
				GCC_DYNAMIC_NO_PIC = NO;
				GCC_OPTIMIZATION_LEVEL = 0;
				GCC_PRECOMPILE_PREFIX_HEADER = YES;
				GCC_PREFIX_HEADER = YourRights_Prefix.pch;
				INFOPLIST_FILE = Info.plist;
				PRODUCT_NAME = YourRights;
			};
			name = Debug;
		};
		1D6058950D05DD3E006BFB54 /* Release */ = {
			isa = XCBuildConfiguration;
			buildSettings = {
				ALWAYS_SEARCH_USER_PATHS = NO;
				COPY_PHASE_STRIP = YES;
				GCC_PRECOMPILE_PREFIX_HEADER = YES;
				GCC_PREFIX_HEADER = YourRights_Prefix.pch;
				INFOPLIST_FILE = Info.plist;
				PRODUCT_NAME = YourRights;
			};
			name = Release;
		};
		742DC1700F13427B0079E6B0 /* AdHoc */ = {
			isa = XCBuildConfiguration;
			buildSettings = {
				ARCHS = "$(ARCHS_STANDARD_32_BIT)";
				CODE_SIGN_ENTITLEMENTS = Entitlements.plist;
				CODE_SIGN_IDENTITY = "iPhone Distribution: Cyrus Najmabadi";
				"CODE_SIGN_IDENTITY[sdk=iphoneos*]" = "iPhone Distribution: Cyrus Najmabadi";
				GCC_C_LANGUAGE_STANDARD = c99;
				GCC_WARN_ABOUT_RETURN_TYPE = YES;
				GCC_WARN_UNUSED_VARIABLE = YES;
				PREBINDING = NO;
				PROVISIONING_PROFILE = "5E0C5555-4DD8-4F8D-9E35-BF3CD2D26C2A";
				"PROVISIONING_PROFILE[sdk=iphoneos*]" = "5E0C5555-4DD8-4F8D-9E35-BF3CD2D26C2A";
				SDKROOT = iphoneos2.2.1;
			};
			name = AdHoc;
		};
		742DC1710F13427B0079E6B0 /* AdHoc */ = {
			isa = XCBuildConfiguration;
			buildSettings = {
				ALWAYS_SEARCH_USER_PATHS = NO;
				COPY_PHASE_STRIP = YES;
				GCC_PRECOMPILE_PREFIX_HEADER = YES;
				GCC_PREFIX_HEADER = YourRights_Prefix.pch;
				INFOPLIST_FILE = Info.plist;
				PRODUCT_NAME = YourRights;
			};
			name = AdHoc;
		};
		742DC1720F13427F0079E6B0 /* Distribution */ = {
			isa = XCBuildConfiguration;
			buildSettings = {
				ARCHS = "$(ARCHS_STANDARD_32_BIT)";
				CODE_SIGN_IDENTITY = "iPhone Distribution: Cyrus Najmabadi";
				"CODE_SIGN_IDENTITY[sdk=iphoneos*]" = "iPhone Distribution: Cyrus Najmabadi";
				GCC_C_LANGUAGE_STANDARD = c99;
				GCC_WARN_ABOUT_RETURN_TYPE = YES;
				GCC_WARN_UNUSED_VARIABLE = YES;
				PREBINDING = NO;
				PROVISIONING_PROFILE = "21CAF31C-66E7-497A-9541-7F3B74FBE212";
				"PROVISIONING_PROFILE[sdk=iphoneos*]" = "21CAF31C-66E7-497A-9541-7F3B74FBE212";
				SDKROOT = iphoneos2.2.1;
			};
			name = Distribution;
		};
		742DC1730F13427F0079E6B0 /* Distribution */ = {
			isa = XCBuildConfiguration;
			buildSettings = {
				ALWAYS_SEARCH_USER_PATHS = NO;
				COPY_PHASE_STRIP = YES;
				GCC_PRECOMPILE_PREFIX_HEADER = YES;
				GCC_PREFIX_HEADER = YourRights_Prefix.pch;
				INFOPLIST_FILE = Info.plist;
				PRODUCT_NAME = YourRights;
			};
			name = Distribution;
		};
		C01FCF4F08A954540054247B /* Debug */ = {
			isa = XCBuildConfiguration;
			buildSettings = {
				ARCHS = "$(ARCHS_STANDARD_32_BIT)";
				CODE_SIGN_IDENTITY = "iPhone Distribution: Cyrus Najmabadi";
				"CODE_SIGN_IDENTITY[sdk=iphoneos*]" = "iPhone Distribution: Cyrus Najmabadi";
				GCC_C_LANGUAGE_STANDARD = c99;
				GCC_WARN_ABOUT_RETURN_TYPE = YES;
				GCC_WARN_UNUSED_VARIABLE = YES;
				ONLY_ACTIVE_ARCH = YES;
				PREBINDING = NO;
				PROVISIONING_PROFILE = "5E0C5555-4DD8-4F8D-9E35-BF3CD2D26C2A";
				"PROVISIONING_PROFILE[sdk=iphoneos*]" = "5E0C5555-4DD8-4F8D-9E35-BF3CD2D26C2A";
				SDKROOT = iphoneos2.2.1;
			};
			name = Debug;
		};
		C01FCF5008A954540054247B /* Release */ = {
			isa = XCBuildConfiguration;
			buildSettings = {
				ARCHS = "$(ARCHS_STANDARD_32_BIT)";
				CODE_SIGN_IDENTITY = "iPhone Developer: Cyrus Najmabadi";
				"CODE_SIGN_IDENTITY[sdk=iphoneos*]" = "iPhone Developer: Cyrus Najmabadi";
				GCC_C_LANGUAGE_STANDARD = c99;
				GCC_WARN_ABOUT_RETURN_TYPE = YES;
				GCC_WARN_UNUSED_VARIABLE = YES;
				PREBINDING = NO;
				PROVISIONING_PROFILE = "CC983AB4-CCF9-42DD-A673-354A77C39FC7";
				"PROVISIONING_PROFILE[sdk=iphoneos*]" = "CC983AB4-CCF9-42DD-A673-354A77C39FC7";
				SDKROOT = iphoneos2.2.1;
			};
			name = Release;
		};
/* End XCBuildConfiguration section */

/* Begin XCConfigurationList section */
		1D6058960D05DD3E006BFB54 /* Build configuration list for PBXNativeTarget "YourRights" */ = {
			isa = XCConfigurationList;
			buildConfigurations = (
				1D6058940D05DD3E006BFB54 /* Debug */,
				1D6058950D05DD3E006BFB54 /* Release */,
				742DC1730F13427F0079E6B0 /* Distribution */,
				742DC1710F13427B0079E6B0 /* AdHoc */,
			);
			defaultConfigurationIsVisible = 0;
			defaultConfigurationName = Release;
		};
		C01FCF4E08A954540054247B /* Build configuration list for PBXProject "YourRights" */ = {
			isa = XCConfigurationList;
			buildConfigurations = (
				C01FCF4F08A954540054247B /* Debug */,
				C01FCF5008A954540054247B /* Release */,
				742DC1720F13427F0079E6B0 /* Distribution */,
				742DC1700F13427B0079E6B0 /* AdHoc */,
			);
			defaultConfigurationIsVisible = 0;
			defaultConfigurationName = Release;
		};
/* End XCConfigurationList section */
	};
	rootObject = 29B97313FDCFA39411CA2CEA /* Project object */;
}
