// !$*UTF8*$!
{
	archiveVersion = 1;
	classes = {
	};
	objectVersion = 45;
	objects = {

/* Begin PBXBuildFile section */
		10000000000000000000103A /* PocketCardsAppDelegate.m in Sources */ = {isa = PBXBuildFile; fileRef = 100000000000000000001039 /* PocketCardsAppDelegate.m */; };
		100000000000000000001973 /* main.m in Sources */ = {isa = PBXBuildFile; fileRef = 10000000000000000000196C /* main.m */; };
		1000000000000000000009E8 /* Foundation.framework in Frameworks */ = {isa = PBXBuildFile; fileRef = 1000000000000000000009DF /* Foundation.framework */; };
		1000000000000000000016DD /* UIKit.framework in Frameworks */ = {isa = PBXBuildFile; fileRef = 1000000000000000000016D9 /* UIKit.framework */; };
		1000000000000000000007FF /* CoreGraphics.framework in Frameworks */ = {isa = PBXBuildFile; fileRef = 1000000000000000000007F4 /* CoreGraphics.framework */; };
		100000000000000000000CA2 /* MainWindow.xib in Resources */ = {isa = PBXBuildFile; fileRef = 100000000000000000000C9B /* MainWindow.xib */; };
		100000000000000000000AFB /* Icon.png in Resources */ = {isa = PBXBuildFile; fileRef = 100000000000000000000AF0 /* Icon.png */; };
/* End PBXBuildFile section */

/* Begin PBXFileReference section */
		1000000000000000000009DF /* Foundation.framework */ = {isa = PBXFileReference; lastKnownFileType = wrapper.framework; name = Foundation.framework; path = System/Library/Frameworks/Foundation.framework; sourceTree = SDKROOT; };
		100000000000000000001038 /* PocketCardsAppDelegate.h */ = {isa = PBXFileReference; fileEncoding = 4; lastKnownFileType = sourcecode.c.h; path = PocketCardsAppDelegate.h; sourceTree = "<group>"; };
		100000000000000000001039 /* PocketCardsAppDelegate.m */ = {isa = PBXFileReference; fileEncoding = 4; lastKnownFileType = sourcecode.c.objc; path = PocketCardsAppDelegate.m; sourceTree = "<group>"; };
		100000000000000000001489 /* PocketCards.app */ = {isa = PBXFileReference; explicitFileType = wrapper.application; includeInIndex = 0; path = PocketCards.app; sourceTree = BUILT_PRODUCTS_DIR; };
		1000000000000000000016D9 /* UIKit.framework */ = {isa = PBXFileReference; lastKnownFileType = wrapper.framework; name = UIKit.framework; path = System/Library/Frameworks/UIKit.framework; sourceTree = SDKROOT; };
		1000000000000000000007F4 /* CoreGraphics.framework */ = {isa = PBXFileReference; lastKnownFileType = wrapper.framework; name = CoreGraphics.framework; path = System/Library/Frameworks/CoreGraphics.framework; sourceTree = SDKROOT; };
		100000000000000000000C9B /* MainWindow.xib */ = {isa = PBXFileReference; lastKnownFileType = file.xib; path = MainWindow.xib; sourceTree = "<group>"; };
		10000000000000000000196C /* main.m */ = {isa = PBXFileReference; fileEncoding = 4; lastKnownFileType = sourcecode.c.objc; path = main.m; sourceTree = "<group>"; };
		1000000000000000000010C9 /* PocketCards_Prefix.pch */ = {isa = PBXFileReference; fileEncoding = 4; lastKnownFileType = sourcecode.c.h; path = PocketCards_Prefix.pch; sourceTree = "<group>"; };
		100000000000000000000AF0 /* Icon.png */ = {isa = PBXFileReference; lastKnownFileType = image.png; path = Icon.png; sourceTree = "<group>"; };
		1000000000000000000010C4 /* Info.plist */ = {isa = PBXFileReference; fileEncoding = 4; lastKnownFileType = text.plist.xml; path = Info.plist; sourceTree = "<group>"; };
/* End PBXFileReference section */

/* Begin PBXFrameworksBuildPhase section */
		1000000000000000000009FE /* Frameworks */ = {
			isa = PBXFrameworksBuildPhase;
			buildActionMask = 2147483647;
			files = (
				1000000000000000000009E8 /* Foundation.framework in Frameworks */,
				1000000000000000000016DD /* UIKit.framework in Frameworks */,
				1000000000000000000007FF /* CoreGraphics.framework in Frameworks */,
			);
			runOnlyForDeploymentPostprocessing = 0;
		};
/* End PBXFrameworksBuildPhase section */

/* Begin PBXGroup section */
		1000000000000000000006B1 /* Classes */ = {
			isa = PBXGroup;
			children = (
				100000000000000000001038 /* PocketCardsAppDelegate.h */,
				100000000000000000001039 /* PocketCardsAppDelegate.m */,
			);
			path = Classes;
			sourceTree = "<group>";
		};
		1000000000000000000010B5 /* Products */ = {
			isa = PBXGroup;
			children = (
				100000000000000000001489 /* PocketCards.app */,
			);
			name = Products;
			sourceTree = "<group>";
		};
		100000000000000000000860 /* CustomTemplate */ = {
			isa = PBXGroup;
			children = (
				1000000000000000000006B1 /* Classes */,
				100000000000000000000EDB /* Other Sources */,
				10000000000000000000117A /* Resources */,
				100000000000000000000A2D /* Frameworks */,
				1000000000000000000010B5 /* Products */,
			);
			name = CustomTemplate;
			sourceTree = "<group>";
		};
		100000000000000000000EDB /* Other Sources */ = {
			isa = PBXGroup;
			children = (
				1000000000000000000010C9 /* PocketCards_Prefix.pch */,
				10000000000000000000196C /* main.m */,
			);
			name = "Other Sources";
			sourceTree = "<group>";
		};
		10000000000000000000117A /* Resources */ = {
			isa = PBXGroup;
			children = (
				100000000000000000000AF0 /* Icon.png */,
				100000000000000000000C9B /* MainWindow.xib */,
				1000000000000000000010C4 /* Info.plist */,
			);
			name = Resources;
			sourceTree = "<group>";
		};
		100000000000000000000A2D /* Frameworks */ = {
			isa = PBXGroup;
			children = (
				1000000000000000000016D9 /* UIKit.framework */,
				1000000000000000000009DF /* Foundation.framework */,
				1000000000000000000007F4 /* CoreGraphics.framework */,
			);
			name = Frameworks;
			sourceTree = "<group>";
		};
/* End PBXGroup section */

/* Begin PBXNativeTarget section */
		100000000000000000001488 /* PocketCards */ = {
			isa = PBXNativeTarget;
			buildConfigurationList = 100000000000000000000631 /* Build configuration list for PBXNativeTarget "PocketCards" */;
			buildPhases = (
				100000000000000000001173 /* Resources */,
				1000000000000000000012A4 /* Sources */,
				1000000000000000000009FE /* Frameworks */,
			);
			buildRules = (
			);
			dependencies = (
			);
			name = PocketCards;
			productName = PocketCards;
			productReference = 100000000000000000001489 /* PocketCards.app */;
			productType = "com.apple.product-type.application";
		};
/* End PBXNativeTarget section */

/* Begin PBXProject section */
		1000000000000000000010BF /* Project object */ = {
			isa = PBXProject;
			buildConfigurationList = 100000000000000000000681 /* Build configuration list for PBXProject "PocketCards" */;
			compatibilityVersion = "Xcode 3.1";
			hasScannedForEncodings = 1;
			mainGroup = 100000000000000000000860 /* CustomTemplate */;
			projectDirPath = "";
			projectRoot = "";
			targets = (
				100000000000000000001488 /* PocketCards */,
			);
		};
/* End PBXProject section */

/* Begin PBXResourcesBuildPhase section */
		100000000000000000001173 /* Resources */ = {
			isa = PBXResourcesBuildPhase;
			buildActionMask = 2147483647;
			files = (
				100000000000000000000CA2 /* MainWindow.xib in Resources */,
				100000000000000000000AFB /* Icon.png in Resources */,
			);
			runOnlyForDeploymentPostprocessing = 0;
		};
/* End PBXResourcesBuildPhase section */

/* Begin PBXSourcesBuildPhase section */
		1000000000000000000012A4 /* Sources */ = {
			isa = PBXSourcesBuildPhase;
			buildActionMask = 2147483647;
			files = (
				100000000000000000001973 /* main.m in Sources */,
				10000000000000000000103A /* PocketCardsAppDelegate.m in Sources */,
			);
			runOnlyForDeploymentPostprocessing = 0;
		};
/* End PBXSourcesBuildPhase section */

/* Begin XCBuildConfiguration section */
		1000000000000000000008A4 /* Debug */ = {
			isa = XCBuildConfiguration;
			buildSettings = {
				ALWAYS_SEARCH_USER_PATHS = NO;
				COPY_PHASE_STRIP = NO;
				GCC_DYNAMIC_NO_PIC = NO;
				GCC_OPTIMIZATION_LEVEL = 0;
				GCC_PRECOMPILE_PREFIX_HEADER = YES;
				GCC_PREFIX_HEADER = PocketCards_Prefix.pch;
				INFOPLIST_FILE = Info.plist;
				PRODUCT_NAME = PocketCards;
			};
			name = Debug;
		};
		10000000000000000000112D /* Release */ = {
			isa = XCBuildConfiguration;
			buildSettings = {
				ALWAYS_SEARCH_USER_PATHS = NO;
				COPY_PHASE_STRIP = YES;
				GCC_PRECOMPILE_PREFIX_HEADER = YES;
				GCC_PREFIX_HEADER = PocketCards_Prefix.pch;
				INFOPLIST_FILE = Info.plist;
				PRODUCT_NAME = PocketCards;
			};
			name = Release;
		};
		100000000000000000000917 /* Distribution */ = {
			isa = XCBuildConfiguration;
			buildSettings = {
				ARCHS = "$(ARCHS_STANDARD_32_BIT)";
				"CODE_SIGN_IDENTITY[sdk=iphoneos*]" = "iPhone Distribution: Cyrus Najmabadi";
				GCC_C_LANGUAGE_STANDARD = c99;
				GCC_WARN_ABOUT_RETURN_TYPE = YES;
				GCC_WARN_UNUSED_VARIABLE = YES;
				PREBINDING = NO;
				"PROVISIONING_PROFILE[sdk=iphoneos*]" = "A5DD666E-6FCB-4ED6-AD56-627B2CD79B7B";
				SDKROOT = iphoneos2.1;
			};
			name = Distribution;
		};
		100000000000000000000918 /* Distribution */ = {
			isa = XCBuildConfiguration;
			buildSettings = {
				ALWAYS_SEARCH_USER_PATHS = NO;
				COPY_PHASE_STRIP = YES;
				GCC_PRECOMPILE_PREFIX_HEADER = YES;
				GCC_PREFIX_HEADER = PocketCards_Prefix.pch;
				INFOPLIST_FILE = Info.plist;
				PRODUCT_NAME = PocketCards;
			};
			name = Distribution;
		};
		1000000000000000000008D6 /* Debug */ = {
			isa = XCBuildConfiguration;
			buildSettings = {
				ARCHS = "$(ARCHS_STANDARD_32_BIT)";
				"CODE_SIGN_IDENTITY[sdk=iphoneos*]" = "iPhone Developer";
				GCC_C_LANGUAGE_STANDARD = c99;
				GCC_WARN_ABOUT_RETURN_TYPE = YES;
				GCC_WARN_UNUSED_VARIABLE = YES;
				ONLY_ACTIVE_ARCH = YES;
				PREBINDING = NO;
				SDKROOT = iphoneos2.1;
			};
			name = Debug;
		};
		100000000000000000001164 /* Release */ = {
			isa = XCBuildConfiguration;
			buildSettings = {
				ARCHS = "$(ARCHS_STANDARD_32_BIT)";
				"CODE_SIGN_IDENTITY[sdk=iphoneos*]" = "iPhone Developer";
				GCC_C_LANGUAGE_STANDARD = c99;
				GCC_WARN_ABOUT_RETURN_TYPE = YES;
				GCC_WARN_UNUSED_VARIABLE = YES;
				PREBINDING = NO;
				SDKROOT = iphoneos2.1;
			};
			name = Release;
		};
/* End XCBuildConfiguration section */

/* Begin XCConfigurationList section */
		100000000000000000000631 /* Build configuration list for PBXNativeTarget "PocketCards" */ = {
			isa = XCConfigurationList;
			buildConfigurations = (
				1000000000000000000008A4 /* Debug */,
				10000000000000000000112D /* Release */,
				100000000000000000000918 /* Distribution */,
			);
			defaultConfigurationIsVisible = 0;
			defaultConfigurationName = Release;
		};
		100000000000000000000681 /* Build configuration list for PBXProject "PocketCards" */ = {
			isa = XCConfigurationList;
			buildConfigurations = (
				1000000000000000000008D6 /* Debug */,
				100000000000000000001164 /* Release */,
				100000000000000000000917 /* Distribution */,
			);
			defaultConfigurationIsVisible = 0;
			defaultConfigurationName = Release;
		};
/* End XCConfigurationList section */
	};
	rootObject = 1000000000000000000010BF /* Project object */;
}
