// !$*UTF8*$!
{
	archiveVersion = 1;
	classes = {
	};
	objectVersion = 45;
	objects = {

/* Begin PBXBuildFile section */
		100000000000000000000DD3 /* NSString+Utilities.h in Headers */ = {isa = PBXBuildFile; fileRef = 100000000000000000000DD2 /* NSString+Utilities.h */; };
		100000000000000000000DD5 /* NSString+Utilities.m in Sources */ = {isa = PBXBuildFile; fileRef = 100000000000000000000DD4 /* NSString+Utilities.m */; };
		10000000000000000000154D /* TestRunner.m in Sources */ = {isa = PBXBuildFile; fileRef = 10000000000000000000154C /* TestRunner.m */; };
		100000000000000000001924 /* libRopes.a in Frameworks */ = {isa = PBXBuildFile; fileRef = 100000000000000000001923 /* libRopes.a */; };
		1000000000000000000007B4 /* Concatenation.h in Headers */ = {isa = PBXBuildFile; fileRef = 1000000000000000000007B3 /* Concatenation.h */; };
		1000000000000000000007B6 /* Concatenation.m in Sources */ = {isa = PBXBuildFile; fileRef = 1000000000000000000007B5 /* Concatenation.m */; };
		1000000000000000000009AC /* Fibonacci.h in Headers */ = {isa = PBXBuildFile; fileRef = 1000000000000000000009AB /* Fibonacci.h */; };
		1000000000000000000009AE /* Fibonacci.m in Sources */ = {isa = PBXBuildFile; fileRef = 1000000000000000000009AD /* Fibonacci.m */; };
		100000000000000000000BE1 /* Leaf.h in Headers */ = {isa = PBXBuildFile; fileRef = 100000000000000000000BE0 /* Leaf.h */; };
		100000000000000000000BE3 /* Leaf.m in Sources */ = {isa = PBXBuildFile; fileRef = 100000000000000000000BE2 /* Leaf.m */; };
		1000000000000000000010F6 /* Rebalancer.h in Headers */ = {isa = PBXBuildFile; fileRef = 1000000000000000000010F5 /* Rebalancer.h */; };
		1000000000000000000010F8 /* Rebalancer.m in Sources */ = {isa = PBXBuildFile; fileRef = 1000000000000000000010F7 /* Rebalancer.m */; };
		100000000000000000001182 /* Rope.h in Headers */ = {isa = PBXBuildFile; fileRef = 100000000000000000001181 /* Rope.h */; };
		100000000000000000001184 /* Rope.m in Sources */ = {isa = PBXBuildFile; fileRef = 100000000000000000001183 /* Rope.m */; };
		100000000000000000000B1F /* Inserter.h in Headers */ = {isa = PBXBuildFile; fileRef = 100000000000000000000B1E /* Inserter.h */; };
		100000000000000000000B21 /* Inserter.m in Sources */ = {isa = PBXBuildFile; fileRef = 100000000000000000000B20 /* Inserter.m */; };
		100000000000000000001186 /* RopeEqualityChecker.h in Headers */ = {isa = PBXBuildFile; fileRef = 100000000000000000001185 /* RopeEqualityChecker.h */; };
		100000000000000000001188 /* RopeEqualityChecker.m in Sources */ = {isa = PBXBuildFile; fileRef = 100000000000000000001187 /* RopeEqualityChecker.m */; };
		1000000000000000000009D1 /* ForwardDeclarations.h in Headers */ = {isa = PBXBuildFile; fileRef = 1000000000000000000009C9 /* ForwardDeclarations.h */; };
		100000000000000000000B49 /* Iterator.h in Headers */ = {isa = PBXBuildFile; fileRef = 100000000000000000000B47 /* Iterator.h */; };
		100000000000000000000B4D /* Iterator.m in Sources */ = {isa = PBXBuildFile; fileRef = 100000000000000000000B4B /* Iterator.m */; };
		100000000000000000000C85 /* Macros.h in Headers */ = {isa = PBXBuildFile; fileRef = 100000000000000000000C7D /* Macros.h */; };
		100000000000000000001925 /* libRopes.a in Frameworks */ = {isa = PBXBuildFile; fileRef = 100000000000000000001923 /* libRopes.a */; };
		10000000000000000000118C /* RopeTests.m in Sources */ = {isa = PBXBuildFile; fileRef = 10000000000000000000118B /* RopeTests.m */; };
		10000000000000000000118A /* RopeTests.h in Headers */ = {isa = PBXBuildFile; fileRef = 100000000000000000001189 /* RopeTests.h */; };
		100000000000000000001066 /* Prefix.pch in Headers */ = {isa = PBXBuildFile; fileRef = 100000000000000000001060 /* Prefix.pch */; };
		1000000000000000000009E9 /* Foundation.framework in Frameworks */ = {isa = PBXBuildFile; fileRef = 1000000000000000000009DA /* Foundation.framework */; };
/* End PBXBuildFile section */

/* Begin PBXContainerItemProxy section */
		100000000000000000000EEF /* PBXContainerItemProxy */ = {
			isa = PBXContainerItemProxy;
			containerPortal = 10000000000000000000109C /* Project object */;
			proxyType = 1;
			remoteGlobalIDString = D2AAC07D0554694100DB518D;
			remoteInfo = Ropes;
		};
		100000000000000000000EF0 /* PBXContainerItemProxy */ = {
			isa = PBXContainerItemProxy;
			containerPortal = 10000000000000000000109C /* Project object */;
			proxyType = 1;
			remoteGlobalIDString = D2AAC07D0554694100DB518D;
			remoteInfo = Ropes;
		};
/* End PBXContainerItemProxy section */

/* Begin PBXFileReference section */
		100000000000000000000DD2 /* NSString+Utilities.h */ = {isa = PBXFileReference; fileEncoding = 4; lastKnownFileType = sourcecode.c.h; path = "NSString+Utilities.h"; sourceTree = "<group>"; };
		100000000000000000000DD4 /* NSString+Utilities.m */ = {isa = PBXFileReference; fileEncoding = 4; lastKnownFileType = sourcecode.c.objc; path = "NSString+Utilities.m"; sourceTree = "<group>"; };
		1000000000000000000007AB /* CommandLineRunner */ = {isa = PBXFileReference; explicitFileType = "compiled.mach-o.executable"; includeInIndex = 0; path = CommandLineRunner; sourceTree = BUILT_PRODUCTS_DIR; };
		10000000000000000000154C /* TestRunner.m */ = {isa = PBXFileReference; fileEncoding = 4; lastKnownFileType = sourcecode.c.objc; path = TestRunner.m; sourceTree = "<group>"; };
		100000000000000000001191 /* RopesTests.octest */ = {isa = PBXFileReference; explicitFileType = wrapper.cfbundle; includeInIndex = 0; path = RopesTests.octest; sourceTree = BUILT_PRODUCTS_DIR; };
		100000000000000000001190 /* RopesTests-Info.plist */ = {isa = PBXFileReference; lastKnownFileType = text.plist.xml; path = "RopesTests-Info.plist"; sourceTree = "<group>"; };
		1000000000000000000007B3 /* Concatenation.h */ = {isa = PBXFileReference; fileEncoding = 4; lastKnownFileType = sourcecode.c.h; path = Concatenation.h; sourceTree = "<group>"; };
		1000000000000000000007B5 /* Concatenation.m */ = {isa = PBXFileReference; fileEncoding = 4; lastKnownFileType = sourcecode.c.objc; path = Concatenation.m; sourceTree = "<group>"; };
		1000000000000000000009AB /* Fibonacci.h */ = {isa = PBXFileReference; fileEncoding = 4; lastKnownFileType = sourcecode.c.h; path = Fibonacci.h; sourceTree = "<group>"; };
		1000000000000000000009AD /* Fibonacci.m */ = {isa = PBXFileReference; fileEncoding = 4; lastKnownFileType = sourcecode.c.objc; path = Fibonacci.m; sourceTree = "<group>"; };
		100000000000000000000BE0 /* Leaf.h */ = {isa = PBXFileReference; fileEncoding = 4; lastKnownFileType = sourcecode.c.h; path = Leaf.h; sourceTree = "<group>"; };
		100000000000000000000BE2 /* Leaf.m */ = {isa = PBXFileReference; fileEncoding = 4; lastKnownFileType = sourcecode.c.objc; path = Leaf.m; sourceTree = "<group>"; };
		1000000000000000000010F5 /* Rebalancer.h */ = {isa = PBXFileReference; fileEncoding = 4; lastKnownFileType = sourcecode.c.h; path = Rebalancer.h; sourceTree = "<group>"; };
		1000000000000000000010F7 /* Rebalancer.m */ = {isa = PBXFileReference; fileEncoding = 4; lastKnownFileType = sourcecode.c.objc; path = Rebalancer.m; sourceTree = "<group>"; };
		100000000000000000001181 /* Rope.h */ = {isa = PBXFileReference; fileEncoding = 4; lastKnownFileType = sourcecode.c.h; path = Rope.h; sourceTree = "<group>"; };
		100000000000000000001183 /* Rope.m */ = {isa = PBXFileReference; fileEncoding = 4; lastKnownFileType = sourcecode.c.objc; path = Rope.m; sourceTree = "<group>"; };
		100000000000000000000B1E /* Inserter.h */ = {isa = PBXFileReference; fileEncoding = 4; lastKnownFileType = sourcecode.c.h; path = Inserter.h; sourceTree = "<group>"; };
		100000000000000000000B20 /* Inserter.m */ = {isa = PBXFileReference; fileEncoding = 4; lastKnownFileType = sourcecode.c.objc; path = Inserter.m; sourceTree = "<group>"; };
		100000000000000000001185 /* RopeEqualityChecker.h */ = {isa = PBXFileReference; fileEncoding = 4; lastKnownFileType = sourcecode.c.h; path = RopeEqualityChecker.h; sourceTree = "<group>"; };
		100000000000000000001187 /* RopeEqualityChecker.m */ = {isa = PBXFileReference; fileEncoding = 4; lastKnownFileType = sourcecode.c.objc; path = RopeEqualityChecker.m; sourceTree = "<group>"; };
		1000000000000000000009C9 /* ForwardDeclarations.h */ = {isa = PBXFileReference; fileEncoding = 4; lastKnownFileType = sourcecode.c.h; path = ForwardDeclarations.h; sourceTree = "<group>"; };
		100000000000000000000B47 /* Iterator.h */ = {isa = PBXFileReference; fileEncoding = 4; lastKnownFileType = sourcecode.c.h; path = Iterator.h; sourceTree = "<group>"; };
		100000000000000000000B4B /* Iterator.m */ = {isa = PBXFileReference; fileEncoding = 4; lastKnownFileType = sourcecode.c.objc; path = Iterator.m; sourceTree = "<group>"; };
		100000000000000000000C7D /* Macros.h */ = {isa = PBXFileReference; fileEncoding = 4; lastKnownFileType = sourcecode.c.h; path = Macros.h; sourceTree = "<group>"; };
		100000000000000000001189 /* RopeTests.h */ = {isa = PBXFileReference; fileEncoding = 4; lastKnownFileType = sourcecode.c.h; path = RopeTests.h; sourceTree = "<group>"; };
		10000000000000000000118B /* RopeTests.m */ = {isa = PBXFileReference; fileEncoding = 4; lastKnownFileType = sourcecode.c.objc; path = RopeTests.m; sourceTree = "<group>"; };
		100000000000000000001060 /* Prefix.pch */ = {isa = PBXFileReference; fileEncoding = 4; lastKnownFileType = sourcecode.c.h; path = Prefix.pch; sourceTree = "<group>"; };
		1000000000000000000009DA /* Foundation.framework */ = {isa = PBXFileReference; lastKnownFileType = wrapper.framework; name = Foundation.framework; path = System/Library/Frameworks/Foundation.framework; sourceTree = SDKROOT; };
		100000000000000000001923 /* libRopes.a */ = {isa = PBXFileReference; explicitFileType = archive.ar; includeInIndex = 0; path = libRopes.a; sourceTree = BUILT_PRODUCTS_DIR; };
/* End PBXFileReference section */

/* Begin PBXFrameworksBuildPhase section */
		1000000000000000000009FD /* Frameworks */ = {
			isa = PBXFrameworksBuildPhase;
			buildActionMask = 2147483647;
			files = (
				100000000000000000001924 /* libRopes.a in Frameworks */,
			);
			runOnlyForDeploymentPostprocessing = 0;
		};
		100000000000000000000A00 /* Frameworks */ = {
			isa = PBXFrameworksBuildPhase;
			buildActionMask = 2147483647;
			files = (
				100000000000000000001925 /* libRopes.a in Frameworks */,
			);
			runOnlyForDeploymentPostprocessing = 0;
		};
		1000000000000000000009FE /* Frameworks */ = {
			isa = PBXFrameworksBuildPhase;
			buildActionMask = 2147483647;
			files = (
				1000000000000000000009E9 /* Foundation.framework in Frameworks */,
			);
			runOnlyForDeploymentPostprocessing = 0;
		};
/* End PBXFrameworksBuildPhase section */

/* Begin PBXGroup section */
		10000000000000000000108D /* Products */ = {
			isa = PBXGroup;
			children = (
				100000000000000000001923 /* libRopes.a */,
				100000000000000000001191 /* RopesTests.octest */,
				1000000000000000000007AB /* CommandLineRunner */,
			);
			name = Products;
			sourceTree = "<group>";
		};
		1000000000000000000017B7 /* Ropes */ = {
			isa = PBXGroup;
			children = (
				1000000000000000000006B0 /* Classes */,
				1000000000000000000009FF /* Frameworks */,
				100000000000000000000EB6 /* Other Sources */,
				10000000000000000000108D /* Products */,
				100000000000000000001553 /* Tests */,
				100000000000000000001190 /* RopesTests-Info.plist */,
			);
			name = Ropes;
			sourceTree = "<group>";
		};
		1000000000000000000009FF /* Frameworks */ = {
			isa = PBXGroup;
			children = (
				1000000000000000000009DA /* Foundation.framework */,
			);
			name = Frameworks;
			sourceTree = "<group>";
		};
		1000000000000000000006B0 /* Classes */ = {
			isa = PBXGroup;
			children = (
				1000000000000000000007B3 /* Concatenation.h */,
				1000000000000000000009AB /* Fibonacci.h */,
				100000000000000000000B1E /* Inserter.h */,
				100000000000000000000B47 /* Iterator.h */,
				100000000000000000000BE0 /* Leaf.h */,
				100000000000000000000DD2 /* NSString+Utilities.h */,
				1000000000000000000010F5 /* Rebalancer.h */,
				100000000000000000001181 /* Rope.h */,
				100000000000000000001185 /* RopeEqualityChecker.h */,
				1000000000000000000007B5 /* Concatenation.m */,
				1000000000000000000009AD /* Fibonacci.m */,
				100000000000000000000B20 /* Inserter.m */,
				100000000000000000000B4B /* Iterator.m */,
				100000000000000000000BE2 /* Leaf.m */,
				100000000000000000000DD4 /* NSString+Utilities.m */,
				1000000000000000000010F7 /* Rebalancer.m */,
				100000000000000000001183 /* Rope.m */,
				100000000000000000001187 /* RopeEqualityChecker.m */,
			);
			path = Classes;
			sourceTree = "<group>";
		};
		100000000000000000000EB6 /* Other Sources */ = {
			isa = PBXGroup;
			children = (
				100000000000000000001060 /* Prefix.pch */,
				1000000000000000000009C9 /* ForwardDeclarations.h */,
				100000000000000000000C7D /* Macros.h */,
			);
			name = "Other Sources";
			sourceTree = "<group>";
		};
		100000000000000000001553 /* Tests */ = {
			isa = PBXGroup;
			children = (
				100000000000000000001189 /* RopeTests.h */,
				10000000000000000000118B /* RopeTests.m */,
				10000000000000000000154C /* TestRunner.m */,
			);
			name = Tests;
			sourceTree = "<group>";
		};
/* End PBXGroup section */

/* Begin PBXHeadersBuildPhase section */
		100000000000000000000A6F /* Headers */ = {
			isa = PBXHeadersBuildPhase;
			buildActionMask = 2147483647;
			files = (
				100000000000000000001066 /* Prefix.pch in Headers */,
				1000000000000000000007B4 /* Concatenation.h in Headers */,
				1000000000000000000009AC /* Fibonacci.h in Headers */,
				100000000000000000000BE1 /* Leaf.h in Headers */,
				1000000000000000000010F6 /* Rebalancer.h in Headers */,
				100000000000000000001182 /* Rope.h in Headers */,
				100000000000000000000B1F /* Inserter.h in Headers */,
				100000000000000000001186 /* RopeEqualityChecker.h in Headers */,
				1000000000000000000009D1 /* ForwardDeclarations.h in Headers */,
				100000000000000000000B49 /* Iterator.h in Headers */,
				100000000000000000000C85 /* Macros.h in Headers */,
				10000000000000000000118A /* RopeTests.h in Headers */,
				100000000000000000000DD3 /* NSString+Utilities.h in Headers */,
			);
			runOnlyForDeploymentPostprocessing = 0;
		};
/* End PBXHeadersBuildPhase section */

/* Begin PBXNativeTarget section */
		1000000000000000000007AC /* CommandLineRunner */ = {
			isa = PBXNativeTarget;
			buildConfigurationList = 10000000000000000000061D /* Build configuration list for PBXNativeTarget "CommandLineRunner" */;
			buildPhases = (
				100000000000000000001284 /* Sources */,
				1000000000000000000009FD /* Frameworks */,
			);
			buildRules = (
			);
			dependencies = (
				100000000000000000000F63 /* PBXTargetDependency */,
			);
			name = CommandLineRunner;
			productName = CommandLineRunner;
			productReference = 1000000000000000000007AB /* CommandLineRunner */;
			productType = "com.apple.product-type.tool";
		};
		10000000000000000000118F /* RopesTests */ = {
			isa = PBXNativeTarget;
			buildConfigurationList = 10000000000000000000062D /* Build configuration list for PBXNativeTarget "RopesTests" */;
			buildPhases = (
				100000000000000000001151 /* Resources */,
				100000000000000000001285 /* Sources */,
				100000000000000000000A00 /* Frameworks */,
				10000000000000000000125D /* ShellScript */,
			);
			buildRules = (
			);
			dependencies = (
				100000000000000000000F62 /* PBXTargetDependency */,
			);
			name = RopesTests;
			productName = RopesTests;
			productReference = 100000000000000000001191 /* RopesTests.octest */;
			productType = "com.apple.product-type.bundle";
		};
		10000000000000000000118D /* Ropes */ = {
			isa = PBXNativeTarget;
			buildConfigurationList = 10000000000000000000062C /* Build configuration list for PBXNativeTarget "Ropes" */;
			buildPhases = (
				100000000000000000000A6F /* Headers */,
				100000000000000000001286 /* Sources */,
				1000000000000000000009FE /* Frameworks */,
			);
			buildRules = (
			);
			dependencies = (
			);
			name = Ropes;
			productName = Ropes;
			productReference = 100000000000000000001923 /* libRopes.a */;
			productType = "com.apple.product-type.library.static";
		};
/* End PBXNativeTarget section */

/* Begin PBXProject section */
		10000000000000000000109C /* Project object */ = {
			isa = PBXProject;
			buildConfigurationList = 10000000000000000000067D /* Build configuration list for PBXProject "Ropes" */;
			compatibilityVersion = "Xcode 3.1";
			hasScannedForEncodings = 1;
			mainGroup = 1000000000000000000017B7 /* Ropes */;
			productRefGroup = 10000000000000000000108D /* Products */;
			projectDirPath = "";
			projectRoot = "";
			targets = (
				10000000000000000000118D /* Ropes */,
				10000000000000000000118F /* RopesTests */,
				1000000000000000000007AC /* CommandLineRunner */,
			);
		};
/* End PBXProject section */

/* Begin PBXResourcesBuildPhase section */
		100000000000000000001151 /* Resources */ = {
			isa = PBXResourcesBuildPhase;
			buildActionMask = 2147483647;
			files = (
			);
			runOnlyForDeploymentPostprocessing = 0;
		};
/* End PBXResourcesBuildPhase section */

/* Begin PBXShellScriptBuildPhase section */
		10000000000000000000125D /* ShellScript */ = {
			isa = PBXShellScriptBuildPhase;
			buildActionMask = 2147483647;
			files = (
			);
			inputPaths = (
			);
			outputPaths = (
			);
			runOnlyForDeploymentPostprocessing = 0;
			shellPath = /bin/sh;
			shellScript = "# Run the unit tests in this test bundle.\n\"${SYSTEM_DEVELOPER_DIR}/Tools/RunUnitTests\"\n";
		};
/* End PBXShellScriptBuildPhase section */

/* Begin PBXSourcesBuildPhase section */
		100000000000000000001284 /* Sources */ = {
			isa = PBXSourcesBuildPhase;
			buildActionMask = 2147483647;
			files = (
				10000000000000000000154D /* TestRunner.m in Sources */,
			);
			runOnlyForDeploymentPostprocessing = 0;
		};
		100000000000000000001285 /* Sources */ = {
			isa = PBXSourcesBuildPhase;
			buildActionMask = 2147483647;
			files = (
				10000000000000000000118C /* RopeTests.m in Sources */,
			);
			runOnlyForDeploymentPostprocessing = 0;
		};
		100000000000000000001286 /* Sources */ = {
			isa = PBXSourcesBuildPhase;
			buildActionMask = 2147483647;
			files = (
				1000000000000000000007B6 /* Concatenation.m in Sources */,
				1000000000000000000009AE /* Fibonacci.m in Sources */,
				100000000000000000000BE3 /* Leaf.m in Sources */,
				1000000000000000000010F8 /* Rebalancer.m in Sources */,
				100000000000000000001184 /* Rope.m in Sources */,
				100000000000000000000B21 /* Inserter.m in Sources */,
				100000000000000000001188 /* RopeEqualityChecker.m in Sources */,
				100000000000000000000B4D /* Iterator.m in Sources */,
				100000000000000000000DD5 /* NSString+Utilities.m in Sources */,
			);
			runOnlyForDeploymentPostprocessing = 0;
		};
/* End PBXSourcesBuildPhase section */

/* Begin PBXTargetDependency section */
		100000000000000000000F62 /* PBXTargetDependency */ = {
			isa = PBXTargetDependency;
			target = 10000000000000000000118D /* Ropes */;
			targetProxy = 100000000000000000000EEF /* PBXContainerItemProxy */;
		};
		100000000000000000000F63 /* PBXTargetDependency */ = {
			isa = PBXTargetDependency;
			target = 10000000000000000000118D /* Ropes */;
			targetProxy = 100000000000000000000EF0 /* PBXContainerItemProxy */;
		};
/* End PBXTargetDependency section */

/* Begin XCBuildConfiguration section */
		1000000000000000000008A8 /* Debug */ = {
			isa = XCBuildConfiguration;
			buildSettings = {
			};
			name = Debug;
		};
		10000000000000000000110D /* Release */ = {
			isa = XCBuildConfiguration;
			buildSettings = {
			};
			name = Release;
		};
		1000000000000000000008A6 /* Debug */ = {
			isa = XCBuildConfiguration;
			buildSettings = {
				ALWAYS_SEARCH_USER_PATHS = NO;
				GCC_C_LANGUAGE_STANDARD = c99;
				GCC_DYNAMIC_NO_PIC = NO;
				GCC_OPTIMIZATION_LEVEL = 0;
				GCC_PRECOMPILE_PREFIX_HEADER = YES;
				GCC_PREFIX_HEADER = Prefix.pch;
				GCC_WARN_ABOUT_RETURN_TYPE = YES;
				GCC_WARN_UNUSED_VARIABLE = YES;
				OTHER_LDFLAGS = (
					"-ObjC",
					"-all_load",
				);
				PREBINDING = NO;
				PRODUCT_NAME = "$(PROJECT_NAME)";
			};
			name = Debug;
		};
		10000000000000000000110B /* Release */ = {
			isa = XCBuildConfiguration;
			buildSettings = {
				ALWAYS_SEARCH_USER_PATHS = NO;
				GCC_C_LANGUAGE_STANDARD = c99;
				GCC_PRECOMPILE_PREFIX_HEADER = YES;
				GCC_PREFIX_HEADER = Prefix.pch;
				GCC_WARN_ABOUT_RETURN_TYPE = YES;
				GCC_WARN_UNUSED_VARIABLE = YES;
				OTHER_LDFLAGS = (
					"-ObjC",
					"-all_load",
				);
				PREBINDING = NO;
				PRODUCT_NAME = "$(PROJECT_NAME)";
			};
			name = Release;
		};
		1000000000000000000008A9 /* Debug */ = {
			isa = XCBuildConfiguration;
			buildSettings = {
				ALWAYS_SEARCH_USER_PATHS = NO;
				COPY_PHASE_STRIP = NO;
				GCC_DYNAMIC_NO_PIC = NO;
				GCC_ENABLE_FIX_AND_CONTINUE = YES;
				GCC_MODEL_TUNING = G5;
				GCC_OPTIMIZATION_LEVEL = 0;
				GCC_PRECOMPILE_PREFIX_HEADER = YES;
				GCC_PREFIX_HEADER = "$(SYSTEM_LIBRARY_DIR)/Frameworks/AppKit.framework/Headers/AppKit.h";
				INSTALL_PATH = /usr/local/bin;
				OTHER_LDFLAGS = (
					"-framework",
					Foundation,
					"-framework",
					AppKit,
				);
				PREBINDING = NO;
				PRODUCT_NAME = CommandLineRunner;
			};
			name = Debug;
		};
		10000000000000000000110E /* Release */ = {
			isa = XCBuildConfiguration;
			buildSettings = {
				ALWAYS_SEARCH_USER_PATHS = NO;
				COPY_PHASE_STRIP = YES;
				DEBUG_INFORMATION_FORMAT = "dwarf-with-dsym";
				GCC_ENABLE_FIX_AND_CONTINUE = NO;
				GCC_MODEL_TUNING = G5;
				GCC_PRECOMPILE_PREFIX_HEADER = YES;
				GCC_PREFIX_HEADER = "$(SYSTEM_LIBRARY_DIR)/Frameworks/AppKit.framework/Headers/AppKit.h";
				INSTALL_PATH = /usr/local/bin;
				OTHER_LDFLAGS = (
					"-framework",
					Foundation,
					"-framework",
					AppKit,
				);
				PREBINDING = NO;
				PRODUCT_NAME = CommandLineRunner;
				ZERO_LINK = NO;
			};
			name = Release;
		};
		1000000000000000000008A7 /* Debug */ = {
			isa = XCBuildConfiguration;
			buildSettings = {
				ALWAYS_SEARCH_USER_PATHS = NO;
				COPY_PHASE_STRIP = NO;
				FRAMEWORK_SEARCH_PATHS = (
					"\"$(SDKROOT)/Developer/Library/Frameworks\"",
					"\"$(DEVELOPER_LIBRARY_DIR)/Frameworks\"",
				);
				GCC_DYNAMIC_NO_PIC = NO;
				GCC_ENABLE_FIX_AND_CONTINUE = NO;
				GCC_ENABLE_OBJC_EXCEPTIONS = YES;
				GCC_OPTIMIZATION_LEVEL = 0;
				INFOPLIST_FILE = "RopesTests-Info.plist";
				OTHER_LDFLAGS = (
					"-framework",
					Foundation,
					"-framework",
					SenTestingKit,
					"-ObjC",
					"-all_load",
				);
				PREBINDING = NO;
				PRODUCT_NAME = RopesTests;
				WRAPPER_EXTENSION = octest;
			};
			name = Debug;
		};
		10000000000000000000110C /* Release */ = {
			isa = XCBuildConfiguration;
			buildSettings = {
				ALWAYS_SEARCH_USER_PATHS = NO;
				COPY_PHASE_STRIP = YES;
				DEBUG_INFORMATION_FORMAT = "dwarf-with-dsym";
				FRAMEWORK_SEARCH_PATHS = (
					"\"$(SDKROOT)/Developer/Library/Frameworks\"",
					"\"$(DEVELOPER_LIBRARY_DIR)/Frameworks\"",
				);
				GCC_ENABLE_FIX_AND_CONTINUE = NO;
				GCC_ENABLE_OBJC_EXCEPTIONS = YES;
				INFOPLIST_FILE = "RopesTests-Info.plist";
				OTHER_LDFLAGS = (
					"-framework",
					Foundation,
					"-framework",
					SenTestingKit,
					"-ObjC",
					"-all_load",
				);
				PREBINDING = NO;
				PRODUCT_NAME = RopesTests;
				WRAPPER_EXTENSION = octest;
				ZERO_LINK = NO;
			};
			name = Release;
		};
/* End XCBuildConfiguration section */

/* Begin XCConfigurationList section */
		10000000000000000000062C /* Build configuration list for PBXNativeTarget "Ropes" */ = {
			isa = XCConfigurationList;
			buildConfigurations = (
				1000000000000000000008A8 /* Debug */,
				10000000000000000000110D /* Release */,
			);
			defaultConfigurationIsVisible = 0;
			defaultConfigurationName = Release;
		};
		10000000000000000000067D /* Build configuration list for PBXProject "Ropes" */ = {
			isa = XCConfigurationList;
			buildConfigurations = (
				1000000000000000000008A6 /* Debug */,
				10000000000000000000110B /* Release */,
			);
			defaultConfigurationIsVisible = 0;
			defaultConfigurationName = Release;
		};
		10000000000000000000061D /* Build configuration list for PBXNativeTarget "CommandLineRunner" */ = {
			isa = XCConfigurationList;
			buildConfigurations = (
				1000000000000000000008A9 /* Debug */,
				10000000000000000000110E /* Release */,
			);
			defaultConfigurationIsVisible = 0;
			defaultConfigurationName = Release;
		};
		10000000000000000000062D /* Build configuration list for PBXNativeTarget "RopesTests" */ = {
			isa = XCConfigurationList;
			buildConfigurations = (
				1000000000000000000008A7 /* Debug */,
				10000000000000000000110C /* Release */,
			);
			defaultConfigurationIsVisible = 0;
			defaultConfigurationName = Release;
		};
/* End XCConfigurationList section */
	};
	rootObject = 10000000000000000000109C /* Project object */;
}
