// !$*UTF8*$!
{
	archiveVersion = 1;
	classes = {
	};
	objectVersion = 45;
	objects = {

/* Begin PBXBuildFile section */
		100000000000000000000DF4 /* NSString+Utilities.h in Headers */ = {isa = PBXBuildFile; fileRef = 100000000000000000000DF3 /* NSString+Utilities.h */; };
		100000000000000000000DF6 /* NSString+Utilities.m in Sources */ = {isa = PBXBuildFile; fileRef = 100000000000000000000DF5 /* NSString+Utilities.m */; };
		1000000000000000000015B1 /* TestRunner.m in Sources */ = {isa = PBXBuildFile; fileRef = 1000000000000000000015B0 /* TestRunner.m */; };
		10000000000000000000197A /* libRopes.a in Frameworks */ = {isa = PBXBuildFile; fileRef = 100000000000000000001979 /* libRopes.a */; };
		10000000000000000000078D /* Concatenation.h in Headers */ = {isa = PBXBuildFile; fileRef = 10000000000000000000078C /* Concatenation.h */; };
		10000000000000000000078F /* Concatenation.m in Sources */ = {isa = PBXBuildFile; fileRef = 10000000000000000000078E /* Concatenation.m */; };
		10000000000000000000099F /* Fibonacci.h in Headers */ = {isa = PBXBuildFile; fileRef = 10000000000000000000099E /* Fibonacci.h */; };
		1000000000000000000009A1 /* Fibonacci.m in Sources */ = {isa = PBXBuildFile; fileRef = 1000000000000000000009A0 /* Fibonacci.m */; };
		100000000000000000000C02 /* Leaf.h in Headers */ = {isa = PBXBuildFile; fileRef = 100000000000000000000C01 /* Leaf.h */; };
		100000000000000000000C04 /* Leaf.m in Sources */ = {isa = PBXBuildFile; fileRef = 100000000000000000000C03 /* Leaf.m */; };
		100000000000000000001139 /* Rebalancer.h in Headers */ = {isa = PBXBuildFile; fileRef = 100000000000000000001138 /* Rebalancer.h */; };
		10000000000000000000113B /* Rebalancer.m in Sources */ = {isa = PBXBuildFile; fileRef = 10000000000000000000113A /* Rebalancer.m */; };
		1000000000000000000011DA /* Rope.h in Headers */ = {isa = PBXBuildFile; fileRef = 1000000000000000000011D9 /* Rope.h */; };
		1000000000000000000011DC /* Rope.m in Sources */ = {isa = PBXBuildFile; fileRef = 1000000000000000000011DB /* Rope.m */; };
		100000000000000000000B1D /* Inserter.h in Headers */ = {isa = PBXBuildFile; fileRef = 100000000000000000000B1C /* Inserter.h */; };
		100000000000000000000B1F /* Inserter.m in Sources */ = {isa = PBXBuildFile; fileRef = 100000000000000000000B1E /* Inserter.m */; };
		1000000000000000000011DE /* RopeEqualityChecker.h in Headers */ = {isa = PBXBuildFile; fileRef = 1000000000000000000011DD /* RopeEqualityChecker.h */; };
		1000000000000000000011E0 /* RopeEqualityChecker.m in Sources */ = {isa = PBXBuildFile; fileRef = 1000000000000000000011DF /* RopeEqualityChecker.m */; };
		1000000000000000000009C9 /* ForwardDeclarations.h in Headers */ = {isa = PBXBuildFile; fileRef = 1000000000000000000009C4 /* ForwardDeclarations.h */; };
		100000000000000000000B48 /* Iterator.h in Headers */ = {isa = PBXBuildFile; fileRef = 100000000000000000000B46 /* Iterator.h */; };
		100000000000000000000B4C /* Iterator.m in Sources */ = {isa = PBXBuildFile; fileRef = 100000000000000000000B4A /* Iterator.m */; };
		100000000000000000000CB1 /* Macros.h in Headers */ = {isa = PBXBuildFile; fileRef = 100000000000000000000CAC /* Macros.h */; };
		10000000000000000000197B /* libRopes.a in Frameworks */ = {isa = PBXBuildFile; fileRef = 100000000000000000001979 /* libRopes.a */; };
		1000000000000000000011E4 /* RopeTests.m in Sources */ = {isa = PBXBuildFile; fileRef = 1000000000000000000011E3 /* RopeTests.m */; };
		1000000000000000000011E2 /* RopeTests.h in Headers */ = {isa = PBXBuildFile; fileRef = 1000000000000000000011E1 /* RopeTests.h */; };
		1000000000000000000010A8 /* Prefix.pch in Headers */ = {isa = PBXBuildFile; fileRef = 1000000000000000000010A4 /* Prefix.pch */; };
		1000000000000000000009E3 /* Foundation.framework in Frameworks */ = {isa = PBXBuildFile; fileRef = 1000000000000000000009D5 /* Foundation.framework */; };
/* End PBXBuildFile section */

/* Begin PBXContainerItemProxy section */
		100000000000000000000F86 /* PBXContainerItemProxy */ = {
			isa = PBXContainerItemProxy;
			containerPortal = 1000000000000000000010DA /* Project object */;
			proxyType = 1;
			remoteGlobalIDString = D2AAC07D0554694100DB518D;
			remoteInfo = Ropes;
		};
		100000000000000000000F8B /* PBXContainerItemProxy */ = {
			isa = PBXContainerItemProxy;
			containerPortal = 1000000000000000000010DA /* Project object */;
			proxyType = 1;
			remoteGlobalIDString = D2AAC07D0554694100DB518D;
			remoteInfo = Ropes;
		};
/* End PBXContainerItemProxy section */

/* Begin PBXFileReference section */
		100000000000000000000DF3 /* NSString+Utilities.h */ = {isa = PBXFileReference; fileEncoding = 4; lastKnownFileType = sourcecode.c.h; path = "NSString+Utilities.h"; sourceTree = "<group>"; };
		100000000000000000000DF5 /* NSString+Utilities.m */ = {isa = PBXFileReference; fileEncoding = 4; lastKnownFileType = sourcecode.c.objc; path = "NSString+Utilities.m"; sourceTree = "<group>"; };
		100000000000000000000785 /* CommandLineRunner */ = {isa = PBXFileReference; explicitFileType = "compiled.mach-o.executable"; includeInIndex = 0; path = CommandLineRunner; sourceTree = BUILT_PRODUCTS_DIR; };
		1000000000000000000015B0 /* TestRunner.m */ = {isa = PBXFileReference; fileEncoding = 4; lastKnownFileType = sourcecode.c.objc; path = TestRunner.m; sourceTree = "<group>"; };
		1000000000000000000011E9 /* RopesTests.octest */ = {isa = PBXFileReference; explicitFileType = wrapper.cfbundle; includeInIndex = 0; path = RopesTests.octest; sourceTree = BUILT_PRODUCTS_DIR; };
		1000000000000000000011E8 /* RopesTests-Info.plist */ = {isa = PBXFileReference; lastKnownFileType = text.plist.xml; path = "RopesTests-Info.plist"; sourceTree = "<group>"; };
		10000000000000000000078C /* Concatenation.h */ = {isa = PBXFileReference; fileEncoding = 4; lastKnownFileType = sourcecode.c.h; path = Concatenation.h; sourceTree = "<group>"; };
		10000000000000000000078E /* Concatenation.m */ = {isa = PBXFileReference; fileEncoding = 4; lastKnownFileType = sourcecode.c.objc; path = Concatenation.m; sourceTree = "<group>"; };
		10000000000000000000099E /* Fibonacci.h */ = {isa = PBXFileReference; fileEncoding = 4; lastKnownFileType = sourcecode.c.h; path = Fibonacci.h; sourceTree = "<group>"; };
		1000000000000000000009A0 /* Fibonacci.m */ = {isa = PBXFileReference; fileEncoding = 4; lastKnownFileType = sourcecode.c.objc; path = Fibonacci.m; sourceTree = "<group>"; };
		100000000000000000000C01 /* Leaf.h */ = {isa = PBXFileReference; fileEncoding = 4; lastKnownFileType = sourcecode.c.h; path = Leaf.h; sourceTree = "<group>"; };
		100000000000000000000C03 /* Leaf.m */ = {isa = PBXFileReference; fileEncoding = 4; lastKnownFileType = sourcecode.c.objc; path = Leaf.m; sourceTree = "<group>"; };
		100000000000000000001138 /* Rebalancer.h */ = {isa = PBXFileReference; fileEncoding = 4; lastKnownFileType = sourcecode.c.h; path = Rebalancer.h; sourceTree = "<group>"; };
		10000000000000000000113A /* Rebalancer.m */ = {isa = PBXFileReference; fileEncoding = 4; lastKnownFileType = sourcecode.c.objc; path = Rebalancer.m; sourceTree = "<group>"; };
		1000000000000000000011D9 /* Rope.h */ = {isa = PBXFileReference; fileEncoding = 4; lastKnownFileType = sourcecode.c.h; path = Rope.h; sourceTree = "<group>"; };
		1000000000000000000011DB /* Rope.m */ = {isa = PBXFileReference; fileEncoding = 4; lastKnownFileType = sourcecode.c.objc; path = Rope.m; sourceTree = "<group>"; };
		100000000000000000000B1C /* Inserter.h */ = {isa = PBXFileReference; fileEncoding = 4; lastKnownFileType = sourcecode.c.h; path = Inserter.h; sourceTree = "<group>"; };
		100000000000000000000B1E /* Inserter.m */ = {isa = PBXFileReference; fileEncoding = 4; lastKnownFileType = sourcecode.c.objc; path = Inserter.m; sourceTree = "<group>"; };
		1000000000000000000011DD /* RopeEqualityChecker.h */ = {isa = PBXFileReference; fileEncoding = 4; lastKnownFileType = sourcecode.c.h; path = RopeEqualityChecker.h; sourceTree = "<group>"; };
		1000000000000000000011DF /* RopeEqualityChecker.m */ = {isa = PBXFileReference; fileEncoding = 4; lastKnownFileType = sourcecode.c.objc; path = RopeEqualityChecker.m; sourceTree = "<group>"; };
		1000000000000000000009C4 /* ForwardDeclarations.h */ = {isa = PBXFileReference; fileEncoding = 4; lastKnownFileType = sourcecode.c.h; path = ForwardDeclarations.h; sourceTree = "<group>"; };
		100000000000000000000B46 /* Iterator.h */ = {isa = PBXFileReference; fileEncoding = 4; lastKnownFileType = sourcecode.c.h; path = Iterator.h; sourceTree = "<group>"; };
		100000000000000000000B4A /* Iterator.m */ = {isa = PBXFileReference; fileEncoding = 4; lastKnownFileType = sourcecode.c.objc; path = Iterator.m; sourceTree = "<group>"; };
		100000000000000000000CAC /* Macros.h */ = {isa = PBXFileReference; fileEncoding = 4; lastKnownFileType = sourcecode.c.h; path = Macros.h; sourceTree = "<group>"; };
		1000000000000000000011E1 /* RopeTests.h */ = {isa = PBXFileReference; fileEncoding = 4; lastKnownFileType = sourcecode.c.h; path = RopeTests.h; sourceTree = "<group>"; };
		1000000000000000000011E3 /* RopeTests.m */ = {isa = PBXFileReference; fileEncoding = 4; lastKnownFileType = sourcecode.c.objc; path = RopeTests.m; sourceTree = "<group>"; };
		1000000000000000000010A4 /* Prefix.pch */ = {isa = PBXFileReference; fileEncoding = 4; lastKnownFileType = sourcecode.c.h; path = Prefix.pch; sourceTree = "<group>"; };
		1000000000000000000009D5 /* Foundation.framework */ = {isa = PBXFileReference; lastKnownFileType = wrapper.framework; name = Foundation.framework; path = System/Library/Frameworks/Foundation.framework; sourceTree = SDKROOT; };
		100000000000000000001979 /* libRopes.a */ = {isa = PBXFileReference; explicitFileType = archive.ar; includeInIndex = 0; path = libRopes.a; sourceTree = BUILT_PRODUCTS_DIR; };
/* End PBXFileReference section */

/* Begin PBXFrameworksBuildPhase section */
		100000000000000000000A26 /* Frameworks */ = {
			isa = PBXFrameworksBuildPhase;
			buildActionMask = 2147483647;
			files = (
				10000000000000000000197A /* libRopes.a in Frameworks */,
			);
			runOnlyForDeploymentPostprocessing = 0;
		};
		100000000000000000000A27 /* Frameworks */ = {
			isa = PBXFrameworksBuildPhase;
			buildActionMask = 2147483647;
			files = (
				10000000000000000000197B /* libRopes.a in Frameworks */,
			);
			runOnlyForDeploymentPostprocessing = 0;
		};
		100000000000000000000A2A /* Frameworks */ = {
			isa = PBXFrameworksBuildPhase;
			buildActionMask = 2147483647;
			files = (
				1000000000000000000009E3 /* Foundation.framework in Frameworks */,
			);
			runOnlyForDeploymentPostprocessing = 0;
		};
/* End PBXFrameworksBuildPhase section */

/* Begin PBXGroup section */
		1000000000000000000010BF /* Products */ = {
			isa = PBXGroup;
			children = (
				100000000000000000001979 /* libRopes.a */,
				1000000000000000000011E9 /* RopesTests.octest */,
				100000000000000000000785 /* CommandLineRunner */,
			);
			name = Products;
			sourceTree = "<group>";
		};
		100000000000000000001811 /* Ropes */ = {
			isa = PBXGroup;
			children = (
				100000000000000000000677 /* Classes */,
				1000000000000000000009E6 /* Frameworks */,
				100000000000000000000F0A /* Other Sources */,
				1000000000000000000010BF /* Products */,
				1000000000000000000015B8 /* Tests */,
				1000000000000000000011E8 /* RopesTests-Info.plist */,
			);
			name = Ropes;
			sourceTree = "<group>";
		};
		1000000000000000000009E6 /* Frameworks */ = {
			isa = PBXGroup;
			children = (
				1000000000000000000009D5 /* Foundation.framework */,
			);
			name = Frameworks;
			sourceTree = "<group>";
		};
		100000000000000000000677 /* Classes */ = {
			isa = PBXGroup;
			children = (
				10000000000000000000078C /* Concatenation.h */,
				10000000000000000000099E /* Fibonacci.h */,
				100000000000000000000B1C /* Inserter.h */,
				100000000000000000000B46 /* Iterator.h */,
				100000000000000000000C01 /* Leaf.h */,
				100000000000000000000DF3 /* NSString+Utilities.h */,
				100000000000000000001138 /* Rebalancer.h */,
				1000000000000000000011D9 /* Rope.h */,
				1000000000000000000011DD /* RopeEqualityChecker.h */,
				10000000000000000000078E /* Concatenation.m */,
				1000000000000000000009A0 /* Fibonacci.m */,
				100000000000000000000B1E /* Inserter.m */,
				100000000000000000000B4A /* Iterator.m */,
				100000000000000000000C03 /* Leaf.m */,
				100000000000000000000DF5 /* NSString+Utilities.m */,
				10000000000000000000113A /* Rebalancer.m */,
				1000000000000000000011DB /* Rope.m */,
				1000000000000000000011DF /* RopeEqualityChecker.m */,
			);
			path = Classes;
			sourceTree = "<group>";
		};
		100000000000000000000F0A /* Other Sources */ = {
			isa = PBXGroup;
			children = (
				1000000000000000000010A4 /* Prefix.pch */,
				1000000000000000000009C4 /* ForwardDeclarations.h */,
				100000000000000000000CAC /* Macros.h */,
			);
			name = "Other Sources";
			sourceTree = "<group>";
		};
		1000000000000000000015B8 /* Tests */ = {
			isa = PBXGroup;
			children = (
				1000000000000000000011E1 /* RopeTests.h */,
				1000000000000000000011E3 /* RopeTests.m */,
				1000000000000000000015B0 /* TestRunner.m */,
			);
			name = Tests;
			sourceTree = "<group>";
		};
/* End PBXGroup section */

/* Begin PBXHeadersBuildPhase section */
		100000000000000000000A6E /* Headers */ = {
			isa = PBXHeadersBuildPhase;
			buildActionMask = 2147483647;
			files = (
				1000000000000000000010A8 /* Prefix.pch in Headers */,
				10000000000000000000078D /* Concatenation.h in Headers */,
				10000000000000000000099F /* Fibonacci.h in Headers */,
				100000000000000000000C02 /* Leaf.h in Headers */,
				100000000000000000001139 /* Rebalancer.h in Headers */,
				1000000000000000000011DA /* Rope.h in Headers */,
				100000000000000000000B1D /* Inserter.h in Headers */,
				1000000000000000000011DE /* RopeEqualityChecker.h in Headers */,
				1000000000000000000009C9 /* ForwardDeclarations.h in Headers */,
				100000000000000000000B48 /* Iterator.h in Headers */,
				100000000000000000000CB1 /* Macros.h in Headers */,
				1000000000000000000011E2 /* RopeTests.h in Headers */,
				100000000000000000000DF4 /* NSString+Utilities.h in Headers */,
			);
			runOnlyForDeploymentPostprocessing = 0;
		};
/* End PBXHeadersBuildPhase section */

/* Begin PBXNativeTarget section */
		100000000000000000000784 /* CommandLineRunner */ = {
			isa = PBXNativeTarget;
			buildConfigurationList = 1000000000000000000005E7 /* Build configuration list for PBXNativeTarget "CommandLineRunner" */;
			buildPhases = (
				100000000000000000001312 /* Sources */,
				100000000000000000000A26 /* Frameworks */,
			);
			buildRules = (
			);
			dependencies = (
				100000000000000000000FF7 /* PBXTargetDependency */,
			);
			name = CommandLineRunner;
			productName = CommandLineRunner;
			productReference = 100000000000000000000785 /* CommandLineRunner */;
			productType = "com.apple.product-type.tool";
		};
		1000000000000000000011E7 /* RopesTests */ = {
			isa = PBXNativeTarget;
			buildConfigurationList = 1000000000000000000005F7 /* Build configuration list for PBXNativeTarget "RopesTests" */;
			buildPhases = (
				1000000000000000000011AB /* Resources */,
				100000000000000000001313 /* Sources */,
				100000000000000000000A27 /* Frameworks */,
				1000000000000000000012BE /* ShellScript */,
			);
			buildRules = (
			);
			dependencies = (
				100000000000000000000FF4 /* PBXTargetDependency */,
			);
			name = RopesTests;
			productName = RopesTests;
			productReference = 1000000000000000000011E9 /* RopesTests.octest */;
			productType = "com.apple.product-type.bundle";
		};
		1000000000000000000011E6 /* Ropes */ = {
			isa = PBXNativeTarget;
			buildConfigurationList = 1000000000000000000005F6 /* Build configuration list for PBXNativeTarget "Ropes" */;
			buildPhases = (
				100000000000000000000A6E /* Headers */,
				100000000000000000001316 /* Sources */,
				100000000000000000000A2A /* Frameworks */,
			);
			buildRules = (
			);
			dependencies = (
			);
			name = Ropes;
			productName = Ropes;
			productReference = 100000000000000000001979 /* libRopes.a */;
			productType = "com.apple.product-type.library.static";
		};
/* End PBXNativeTarget section */

/* Begin PBXProject section */
		1000000000000000000010DA /* Project object */ = {
			isa = PBXProject;
			buildConfigurationList = 100000000000000000000647 /* Build configuration list for PBXProject "Ropes" */;
			compatibilityVersion = "Xcode 3.1";
			hasScannedForEncodings = 1;
			mainGroup = 100000000000000000001811 /* Ropes */;
			productRefGroup = 1000000000000000000010BF /* Products */;
			projectDirPath = "";
			projectRoot = "";
			targets = (
				1000000000000000000011E6 /* Ropes */,
				1000000000000000000011E7 /* RopesTests */,
				100000000000000000000784 /* CommandLineRunner */,
			);
		};
/* End PBXProject section */

/* Begin PBXResourcesBuildPhase section */
		1000000000000000000011AB /* Resources */ = {
			isa = PBXResourcesBuildPhase;
			buildActionMask = 2147483647;
			files = (
			);
			runOnlyForDeploymentPostprocessing = 0;
		};
/* End PBXResourcesBuildPhase section */

/* Begin PBXShellScriptBuildPhase section */
		1000000000000000000012BE /* ShellScript */ = {
			isa = PBXShellScriptBuildPhase;
			buildActionMask = 2147483647;
			files = (
			);
			inputPaths = (
			);
			outputPaths = (
			);
			runOnlyForDeploymentPostprocessing = 0;
			shellPath = /bin/sh;
			shellScript = "# Run the unit tests in this test bundle.\n\"${SYSTEM_DEVELOPER_DIR}/Tools/RunUnitTests\"\n";
		};
/* End PBXShellScriptBuildPhase section */

/* Begin PBXSourcesBuildPhase section */
		100000000000000000001312 /* Sources */ = {
			isa = PBXSourcesBuildPhase;
			buildActionMask = 2147483647;
			files = (
				1000000000000000000015B1 /* TestRunner.m in Sources */,
			);
			runOnlyForDeploymentPostprocessing = 0;
		};
		100000000000000000001313 /* Sources */ = {
			isa = PBXSourcesBuildPhase;
			buildActionMask = 2147483647;
			files = (
				1000000000000000000011E4 /* RopeTests.m in Sources */,
			);
			runOnlyForDeploymentPostprocessing = 0;
		};
		100000000000000000001316 /* Sources */ = {
			isa = PBXSourcesBuildPhase;
			buildActionMask = 2147483647;
			files = (
				10000000000000000000078F /* Concatenation.m in Sources */,
				1000000000000000000009A1 /* Fibonacci.m in Sources */,
				100000000000000000000C04 /* Leaf.m in Sources */,
				10000000000000000000113B /* Rebalancer.m in Sources */,
				1000000000000000000011DC /* Rope.m in Sources */,
				100000000000000000000B1F /* Inserter.m in Sources */,
				1000000000000000000011E0 /* RopeEqualityChecker.m in Sources */,
				100000000000000000000B4C /* Iterator.m in Sources */,
				100000000000000000000DF6 /* NSString+Utilities.m in Sources */,
			);
			runOnlyForDeploymentPostprocessing = 0;
		};
/* End PBXSourcesBuildPhase section */

/* Begin PBXTargetDependency section */
		100000000000000000000FF4 /* PBXTargetDependency */ = {
			isa = PBXTargetDependency;
			target = 1000000000000000000011E6 /* Ropes */;
			targetProxy = 100000000000000000000F86 /* PBXContainerItemProxy */;
		};
		100000000000000000000FF7 /* PBXTargetDependency */ = {
			isa = PBXTargetDependency;
			target = 1000000000000000000011E6 /* Ropes */;
			targetProxy = 100000000000000000000F8B /* PBXContainerItemProxy */;
		};
/* End PBXTargetDependency section */

/* Begin XCBuildConfiguration section */
		10000000000000000000089B /* Debug */ = {
			isa = XCBuildConfiguration;
			buildSettings = {
			};
			name = Debug;
		};
		100000000000000000001164 /* Release */ = {
			isa = XCBuildConfiguration;
			buildSettings = {
			};
			name = Release;
		};
		10000000000000000000089C /* Debug */ = {
			isa = XCBuildConfiguration;
			buildSettings = {
				ALWAYS_SEARCH_USER_PATHS = NO;
				GCC_C_LANGUAGE_STANDARD = c99;
				GCC_DYNAMIC_NO_PIC = NO;
				GCC_OPTIMIZATION_LEVEL = 0;
				GCC_PRECOMPILE_PREFIX_HEADER = YES;
				GCC_PREFIX_HEADER = Prefix.pch;
				GCC_WARN_ABOUT_RETURN_TYPE = YES;
				GCC_WARN_UNUSED_VARIABLE = YES;
				OTHER_LDFLAGS = (
					"-ObjC",
					"-all_load",
				);
				PREBINDING = NO;
				PRODUCT_NAME = "$(PROJECT_NAME)";
			};
			name = Debug;
		};
		100000000000000000001165 /* Release */ = {
			isa = XCBuildConfiguration;
			buildSettings = {
				ALWAYS_SEARCH_USER_PATHS = NO;
				GCC_C_LANGUAGE_STANDARD = c99;
				GCC_PRECOMPILE_PREFIX_HEADER = YES;
				GCC_PREFIX_HEADER = Prefix.pch;
				GCC_WARN_ABOUT_RETURN_TYPE = YES;
				GCC_WARN_UNUSED_VARIABLE = YES;
				OTHER_LDFLAGS = (
					"-ObjC",
					"-all_load",
				);
				PREBINDING = NO;
				PRODUCT_NAME = "$(PROJECT_NAME)";
			};
			name = Release;
		};
		1000000000000000000008C9 /* Debug */ = {
			isa = XCBuildConfiguration;
			buildSettings = {
				ALWAYS_SEARCH_USER_PATHS = NO;
				COPY_PHASE_STRIP = NO;
				GCC_DYNAMIC_NO_PIC = NO;
				GCC_ENABLE_FIX_AND_CONTINUE = YES;
				GCC_MODEL_TUNING = G5;
				GCC_OPTIMIZATION_LEVEL = 0;
				GCC_PRECOMPILE_PREFIX_HEADER = YES;
				GCC_PREFIX_HEADER = "$(SYSTEM_LIBRARY_DIR)/Frameworks/AppKit.framework/Headers/AppKit.h";
				INSTALL_PATH = /usr/local/bin;
				OTHER_LDFLAGS = (
					"-framework",
					Foundation,
					"-framework",
					AppKit,
				);
				PREBINDING = NO;
				PRODUCT_NAME = CommandLineRunner;
			};
			name = Debug;
		};
		100000000000000000001192 /* Release */ = {
			isa = XCBuildConfiguration;
			buildSettings = {
				ALWAYS_SEARCH_USER_PATHS = NO;
				COPY_PHASE_STRIP = YES;
				DEBUG_INFORMATION_FORMAT = "dwarf-with-dsym";
				GCC_ENABLE_FIX_AND_CONTINUE = NO;
				GCC_MODEL_TUNING = G5;
				GCC_PRECOMPILE_PREFIX_HEADER = YES;
				GCC_PREFIX_HEADER = "$(SYSTEM_LIBRARY_DIR)/Frameworks/AppKit.framework/Headers/AppKit.h";
				INSTALL_PATH = /usr/local/bin;
				OTHER_LDFLAGS = (
					"-framework",
					Foundation,
					"-framework",
					AppKit,
				);
				PREBINDING = NO;
				PRODUCT_NAME = CommandLineRunner;
				ZERO_LINK = NO;
			};
			name = Release;
		};
		1000000000000000000008CA /* Debug */ = {
			isa = XCBuildConfiguration;
			buildSettings = {
				ALWAYS_SEARCH_USER_PATHS = NO;
				COPY_PHASE_STRIP = NO;
				FRAMEWORK_SEARCH_PATHS = (
					"\"$(SDKROOT)/Developer/Library/Frameworks\"",
					"\"$(DEVELOPER_LIBRARY_DIR)/Frameworks\"",
				);
				GCC_DYNAMIC_NO_PIC = NO;
				GCC_ENABLE_FIX_AND_CONTINUE = NO;
				GCC_ENABLE_OBJC_EXCEPTIONS = YES;
				GCC_OPTIMIZATION_LEVEL = 0;
				INFOPLIST_FILE = "RopesTests-Info.plist";
				OTHER_LDFLAGS = (
					"-framework",
					Foundation,
					"-framework",
					SenTestingKit,
					"-ObjC",
					"-all_load",
				);
				PREBINDING = NO;
				PRODUCT_NAME = RopesTests;
				WRAPPER_EXTENSION = octest;
			};
			name = Debug;
		};
		100000000000000000001193 /* Release */ = {
			isa = XCBuildConfiguration;
			buildSettings = {
				ALWAYS_SEARCH_USER_PATHS = NO;
				COPY_PHASE_STRIP = YES;
				DEBUG_INFORMATION_FORMAT = "dwarf-with-dsym";
				FRAMEWORK_SEARCH_PATHS = (
					"\"$(SDKROOT)/Developer/Library/Frameworks\"",
					"\"$(DEVELOPER_LIBRARY_DIR)/Frameworks\"",
				);
				GCC_ENABLE_FIX_AND_CONTINUE = NO;
				GCC_ENABLE_OBJC_EXCEPTIONS = YES;
				INFOPLIST_FILE = "RopesTests-Info.plist";
				OTHER_LDFLAGS = (
					"-framework",
					Foundation,
					"-framework",
					SenTestingKit,
					"-ObjC",
					"-all_load",
				);
				PREBINDING = NO;
				PRODUCT_NAME = RopesTests;
				WRAPPER_EXTENSION = octest;
				ZERO_LINK = NO;
			};
			name = Release;
		};
/* End XCBuildConfiguration section */

/* Begin XCConfigurationList section */
		1000000000000000000005F6 /* Build configuration list for PBXNativeTarget "Ropes" */ = {
			isa = XCConfigurationList;
			buildConfigurations = (
				10000000000000000000089B /* Debug */,
				100000000000000000001164 /* Release */,
			);
			defaultConfigurationIsVisible = 0;
			defaultConfigurationName = Release;
		};
		100000000000000000000647 /* Build configuration list for PBXProject "Ropes" */ = {
			isa = XCConfigurationList;
			buildConfigurations = (
				10000000000000000000089C /* Debug */,
				100000000000000000001165 /* Release */,
			);
			defaultConfigurationIsVisible = 0;
			defaultConfigurationName = Release;
		};
		1000000000000000000005E7 /* Build configuration list for PBXNativeTarget "CommandLineRunner" */ = {
			isa = XCConfigurationList;
			buildConfigurations = (
				1000000000000000000008C9 /* Debug */,
				100000000000000000001192 /* Release */,
			);
			defaultConfigurationIsVisible = 0;
			defaultConfigurationName = Release;
		};
		1000000000000000000005F7 /* Build configuration list for PBXNativeTarget "RopesTests" */ = {
			isa = XCConfigurationList;
			buildConfigurations = (
				1000000000000000000008CA /* Debug */,
				100000000000000000001193 /* Release */,
			);
			defaultConfigurationIsVisible = 0;
			defaultConfigurationName = Release;
		};
/* End XCConfigurationList section */
	};
	rootObject = 1000000000000000000010DA /* Project object */;
}
